// !$*UTF8*$!
{
	archiveVersion = 1;
	classes = {
	};
	objectVersion = 56;
	objects = {

/* Begin PBXBuildFile section */
		CF1000000000000000000010 /* RemainFaithfulApp.swift in Sources */ = {isa = PBXBuildFile; fileRef = CF100000000000000000000B /* RemainFaithfulApp.swift */; };
		CF1000000000000000000011 /* ContentView.swift in Sources */ = {isa = PBXBuildFile; fileRef = CF100000000000000000000C /* ContentView.swift */; };
		CF1000000000000000000012 /* Assets.xcassets in Resources */ = {isa = PBXBuildFile; fileRef = CF100000000000000000000D /* Assets.xcassets */; };
		CF1000000000000000000013 /* Preview Assets.xcassets in Resources */ = {isa = PBXBuildFile; fileRef = CF100000000000000000000E /* Preview Assets.xcassets */; };
		CF1000000000000000000030 /* OnboardingView.swift in Sources */ = {isa = PBXBuildFile; fileRef = CF100000000000000000002F /* OnboardingView.swift */; };
		CF1000000000000000000032 /* DashboardView.swift in Sources */ = {isa = PBXBuildFile; fileRef = CF1000000000000000000031 /* DashboardView.swift */; };
		CF1000000000000000000034 /* GroupView.swift in Sources */ = {isa = PBXBuildFile; fileRef = CF1000000000000000000033 /* GroupView.swift */; };
		CF100000000000000000001F /* SampleHandler.swift in Sources */ = {isa = PBXBuildFile; fileRef = CF100000000000000000001B /* SampleHandler.swift */; };
		CF1000000000000000000028 /* RemainFaithfulBroadcast.appex in Embed Foundation Extensions */ = {isa = PBXBuildFile; fileRef = CF1000000000000000000019 /* RemainFaithfulBroadcast.appex */; platformFilters = (ios, ); settings = {ATTRIBUTES = (RemoveHeadersOnCopy, ); }; };
		CF1000000000000000000036 /* SensitiveContentAnalysis.framework in Frameworks */ = {isa = PBXBuildFile; fileRef = CF1000000000000000000035 /* SensitiveContentAnalysis.framework */; };
		CF1000000000000000000038 /* SettingsView.swift in Sources */ = {isa = PBXBuildFile; fileRef = CF1000000000000000000037 /* SettingsView.swift */; };
		CF1000000000000000000039 /* PanicView.swift in Sources */ = {isa = PBXBuildFile; fileRef = CF100000000000000000003A /* PanicView.swift */; };
		CF100000000000000000003B /* AlertDetailView.swift in Sources */ = {isa = PBXBuildFile; fileRef = CF100000000000000000003C /* AlertDetailView.swift */; };
		CF100000000000000000003D /* APIClient.swift in Sources */ = {isa = PBXBuildFile; fileRef = CF100000000000000000003E /* APIClient.swift */; };
		CF1000000000000000000040 /* AppState.swift in Sources */ = {isa = PBXBuildFile; fileRef = CF100000000000000000003F /* AppState.swift */; };
		CF1000000000000000000042 /* NotificationService.swift in Sources */ = {isa = PBXBuildFile; fileRef = CF1000000000000000000041 /* NotificationService.swift */; };
		CF2000000000000000000011 /* KeychainHelper.swift in Sources */ = {isa = PBXBuildFile; fileRef = CF2000000000000000000010 /* KeychainHelper.swift */; };
		CF2000000000000000000013 /* AuthState.swift in Sources */ = {isa = PBXBuildFile; fileRef = CF2000000000000000000012 /* AuthState.swift */; };
		CF2000000000000000000015 /* LoginView.swift in Sources */ = {isa = PBXBuildFile; fileRef = CF2000000000000000000014 /* LoginView.swift */; };
		CF2000000000000000000023 /* GoogleSignIn in Frameworks */ = {isa = PBXBuildFile; productRef = CF2000000000000000000022 /* GoogleSignIn */; };
		CF2000000000000000000031 /* EventProcessor.swift in Sources */ = {isa = PBXBuildFile; fileRef = CF2000000000000000000030 /* EventProcessor.swift */; };
		CF3000000000000000000002 /* DonationView.swift in Sources */ = {isa = PBXBuildFile; fileRef = CF3000000000000000000001 /* DonationView.swift */; };
		CF3000000000000000000004 /* SafariView.swift in Sources */ = {isa = PBXBuildFile; fileRef = CF3000000000000000000003 /* SafariView.swift */; };

		CF5000000000000000000030 /* AuthStateTests.swift in Sources */ = {isa = PBXBuildFile; fileRef = CF5000000000000000000010 /* AuthStateTests.swift */; };
		CF5000000000000000000031 /* EventProcessorTests.swift in Sources */ = {isa = PBXBuildFile; fileRef = CF5000000000000000000011 /* EventProcessorTests.swift */; };
		CF5000000000000000000032 /* FallbackTextClassifierTests.swift in Sources */ = {isa = PBXBuildFile; fileRef = CF5000000000000000000012 /* FallbackTextClassifierTests.swift */; };
		CF5000000000000000000033 /* NotificationRoutingTests.swift in Sources */ = {isa = PBXBuildFile; fileRef = CF5000000000000000000013 /* NotificationRoutingTests.swift */; };
		CF5000000000000000000040 /* OnboardingUITests.swift in Sources */ = {isa = PBXBuildFile; fileRef = CF5000000000000000000020 /* OnboardingUITests.swift */; };
/* End PBXBuildFile section */

/* Begin PBXContainerItemProxy section */
		CF100000000000000000002A /* PBXContainerItemProxy */ = {
			isa = PBXContainerItemProxy;
			containerPortal = CF1000000000000000000009 /* Project object */;
			proxyType = 1;
			remoteGlobalIDString = CF1000000000000000000023;
			remoteInfo = RemainFaithfulBroadcast;
		};

		CF5000000000000000000070 /* PBXContainerItemProxy */ = {
			isa = PBXContainerItemProxy;
			containerPortal = CF1000000000000000000009 /* Project object */;
			proxyType = 1;
			remoteGlobalIDString = CF100000000000000000000A;
			remoteInfo = RemainFaithful;
		};
		CF5000000000000000000071 /* PBXContainerItemProxy */ = {
			isa = PBXContainerItemProxy;
			containerPortal = CF1000000000000000000009 /* Project object */;
			proxyType = 1;
			remoteGlobalIDString = CF100000000000000000000A;
			remoteInfo = RemainFaithful;
		};
/* End PBXContainerItemProxy section */

/* Begin PBXCopyFilesBuildPhase section */
		CF1000000000000000000027 /* Embed Foundation Extensions */ = {
			isa = PBXCopyFilesBuildPhase;
			buildActionMask = 2147483647;
			dstPath = "";
			dstSubfolderSpec = 13;
			files = (
				CF1000000000000000000028 /* RemainFaithfulBroadcast.appex in Embed Foundation Extensions */,
			);
			name = "Embed Foundation Extensions";
			runOnlyForDeploymentPostprocessing = 0;
		};
/* End PBXCopyFilesBuildPhase section */

/* End PBXShellScriptBuildPhase section */

/* Begin PBXFileReference section */
		CF100000000000000000000B /* RemainFaithfulApp.swift */ = {isa = PBXFileReference; lastKnownFileType = sourcecode.swift; path = RemainFaithfulApp.swift; sourceTree = "<group>"; };
		CF100000000000000000000C /* ContentView.swift */ = {isa = PBXFileReference; lastKnownFileType = sourcecode.swift; path = ContentView.swift; sourceTree = "<group>"; };
		CF100000000000000000000D /* Assets.xcassets */ = {isa = PBXFileReference; lastKnownFileType = folder.assetcatalog; path = Assets.xcassets; sourceTree = "<group>"; };
		CF100000000000000000000E /* Preview Assets.xcassets */ = {isa = PBXFileReference; lastKnownFileType = folder.assetcatalog; path = "Preview Assets.xcassets"; sourceTree = "<group>"; };
		CF100000000000000000000F /* RemainFaithful.app */ = {isa = PBXFileReference; explicitFileType = wrapper.application; includeInIndex = 0; path = RemainFaithful.app; sourceTree = BUILT_PRODUCTS_DIR; };
		CF100000000000000000001D /* RemainFaithful.entitlements */ = {isa = PBXFileReference; lastKnownFileType = text.plist.entitlements; path = RemainFaithful.entitlements; sourceTree = "<group>"; };
		CF4000000000000000000001 /* Info.plist */ = {isa = PBXFileReference; lastKnownFileType = text.plist.xml; path = Info.plist; sourceTree = "<group>"; };
		CF100000000000000000002F /* OnboardingView.swift */ = {isa = PBXFileReference; lastKnownFileType = sourcecode.swift; path = OnboardingView.swift; sourceTree = "<group>"; };
		CF1000000000000000000031 /* DashboardView.swift */ = {isa = PBXFileReference; lastKnownFileType = sourcecode.swift; path = DashboardView.swift; sourceTree = "<group>"; };
		CF1000000000000000000033 /* GroupView.swift */ = {isa = PBXFileReference; lastKnownFileType = sourcecode.swift; path = GroupView.swift; sourceTree = "<group>"; };
		CF1000000000000000000019 /* RemainFaithfulBroadcast.appex */ = {isa = PBXFileReference; explicitFileType = "wrapper.app-extension"; includeInIndex = 0; path = RemainFaithfulBroadcast.appex; sourceTree = BUILT_PRODUCTS_DIR; };
		CF100000000000000000001B /* SampleHandler.swift */ = {isa = PBXFileReference; lastKnownFileType = sourcecode.swift; path = SampleHandler.swift; sourceTree = "<group>"; };
		CF100000000000000000001C /* Info.plist */ = {isa = PBXFileReference; lastKnownFileType = text.plist.xml; path = Info.plist; sourceTree = "<group>"; };
		CF100000000000000000001E /* RemainFaithfulBroadcast.entitlements */ = {isa = PBXFileReference; lastKnownFileType = text.plist.entitlements; path = RemainFaithfulBroadcast.entitlements; sourceTree = "<group>"; };
		CF1000000000000000000035 /* SensitiveContentAnalysis.framework */ = {isa = PBXFileReference; lastKnownFileType = wrapper.framework; name = SensitiveContentAnalysis.framework; path = System/Library/Frameworks/SensitiveContentAnalysis.framework; sourceTree = SDKROOT; };
		CF1000000000000000000037 /* SettingsView.swift */ = {isa = PBXFileReference; lastKnownFileType = sourcecode.swift; path = SettingsView.swift; sourceTree = "<group>"; };
		CF100000000000000000003A /* PanicView.swift */ = {isa = PBXFileReference; lastKnownFileType = sourcecode.swift; path = PanicView.swift; sourceTree = "<group>"; };
		CF100000000000000000003C /* AlertDetailView.swift */ = {isa = PBXFileReference; lastKnownFileType = sourcecode.swift; path = AlertDetailView.swift; sourceTree = "<group>"; };
		CF100000000000000000003E /* APIClient.swift */ = {isa = PBXFileReference; lastKnownFileType = sourcecode.swift; path = APIClient.swift; sourceTree = "<group>"; };
		CF100000000000000000003F /* AppState.swift */ = {isa = PBXFileReference; lastKnownFileType = sourcecode.swift; path = AppState.swift; sourceTree = "<group>"; };
		CF1000000000000000000041 /* NotificationService.swift */ = {isa = PBXFileReference; lastKnownFileType = sourcecode.swift; path = NotificationService.swift; sourceTree = "<group>"; };
		CF2000000000000000000010 /* KeychainHelper.swift */ = {isa = PBXFileReference; lastKnownFileType = sourcecode.swift; path = KeychainHelper.swift; sourceTree = "<group>"; };
		CF2000000000000000000012 /* AuthState.swift */ = {isa = PBXFileReference; lastKnownFileType = sourcecode.swift; path = AuthState.swift; sourceTree = "<group>"; };
		CF2000000000000000000014 /* LoginView.swift */ = {isa = PBXFileReference; lastKnownFileType = sourcecode.swift; path = LoginView.swift; sourceTree = "<group>"; };
		CF2000000000000000000030 /* EventProcessor.swift */ = {isa = PBXFileReference; lastKnownFileType = sourcecode.swift; path = EventProcessor.swift; sourceTree = "<group>"; };
		CF3000000000000000000001 /* DonationView.swift */ = {isa = PBXFileReference; lastKnownFileType = sourcecode.swift; path = DonationView.swift; sourceTree = "<group>"; };
		CF3000000000000000000003 /* SafariView.swift */ = {isa = PBXFileReference; lastKnownFileType = sourcecode.swift; path = SafariView.swift; sourceTree = "<group>"; };

		CF5000000000000000000010 /* AuthStateTests.swift */ = {isa = PBXFileReference; lastKnownFileType = sourcecode.swift; path = AuthStateTests.swift; sourceTree = "<group>"; };
		CF5000000000000000000011 /* EventProcessorTests.swift */ = {isa = PBXFileReference; lastKnownFileType = sourcecode.swift; path = EventProcessorTests.swift; sourceTree = "<group>"; };
		CF5000000000000000000012 /* FallbackTextClassifierTests.swift */ = {isa = PBXFileReference; lastKnownFileType = sourcecode.swift; path = FallbackTextClassifierTests.swift; sourceTree = "<group>"; };
		CF5000000000000000000013 /* NotificationRoutingTests.swift */ = {isa = PBXFileReference; lastKnownFileType = sourcecode.swift; path = NotificationRoutingTests.swift; sourceTree = "<group>"; };
		CF5000000000000000000020 /* OnboardingUITests.swift */ = {isa = PBXFileReference; lastKnownFileType = sourcecode.swift; path = OnboardingUITests.swift; sourceTree = "<group>"; };
		CF5000000000000000000050 /* RemainFaithfulTests.xctest */ = {isa = PBXFileReference; explicitFileType = wrapper.cfbundle; includeInIndex = 0; path = RemainFaithfulTests.xctest; sourceTree = BUILT_PRODUCTS_DIR; };
		CF5000000000000000000060 /* RemainFaithfulUITests.xctest */ = {isa = PBXFileReference; explicitFileType = wrapper.cfbundle; includeInIndex = 0; path = RemainFaithfulUITests.xctest; sourceTree = BUILT_PRODUCTS_DIR; };
/* End PBXFileReference section */

/* Begin PBXFrameworksBuildPhase section */
		CF1000000000000000000016 /* Frameworks */ = {
			isa = PBXFrameworksBuildPhase;
			buildActionMask = 2147483647;
			files = (
				CF2000000000000000000023 /* GoogleSignIn in Frameworks */,
			);
			runOnlyForDeploymentPostprocessing = 0;
		};
		CF1000000000000000000022 /* Frameworks */ = {
			isa = PBXFrameworksBuildPhase;
			buildActionMask = 2147483647;
			files = (
				CF1000000000000000000036 /* SensitiveContentAnalysis.framework in Frameworks */,
			);
			runOnlyForDeploymentPostprocessing = 0;
		};
/* End PBXFrameworksBuildPhase section */

/* Begin PBXGroup section */
		CF1000000000000000000007 = {
			isa = PBXGroup;
			children = (
				CF1000000000000000000017 /* RemainFaithful */,
				CF100000000000000000001A /* RemainFaithfulBroadcast */,
				CF5000000000000000000001 /* RemainFaithfulTests */,
				CF5000000000000000000002 /* RemainFaithfulUITests */,
				CF1000000000000000000008 /* Products */,
			);
			sourceTree = "<group>";
		};
		CF1000000000000000000008 /* Products */ = {
			isa = PBXGroup;
			children = (
				CF100000000000000000000F /* RemainFaithful.app */,
				CF1000000000000000000019 /* RemainFaithfulBroadcast.appex */,
				CF5000000000000000000050 /* RemainFaithfulTests.xctest */,
				CF5000000000000000000060 /* RemainFaithfulUITests.xctest */,
			);
			name = Products;
			sourceTree = "<group>";
		};
		CF1000000000000000000017 /* RemainFaithful */ = {
			isa = PBXGroup;
			children = (
				CF100000000000000000000B /* RemainFaithfulApp.swift */,
				CF100000000000000000000C /* ContentView.swift */,
				CF100000000000000000002F /* OnboardingView.swift */,
				CF2000000000000000000014 /* LoginView.swift */,
				CF1000000000000000000031 /* DashboardView.swift */,
				CF3000000000000000000001 /* DonationView.swift */,
				CF3000000000000000000003 /* SafariView.swift */,
				CF1000000000000000000033 /* GroupView.swift */,
				CF1000000000000000000037 /* SettingsView.swift */,
				CF100000000000000000003A /* PanicView.swift */,
				CF100000000000000000003C /* AlertDetailView.swift */,
				CF100000000000000000003E /* APIClient.swift */,
				CF100000000000000000003F /* AppState.swift */,
				CF2000000000000000000012 /* AuthState.swift */,
				CF2000000000000000000010 /* KeychainHelper.swift */,
				CF2000000000000000000030 /* EventProcessor.swift */,
				CF1000000000000000000041 /* NotificationService.swift */,
				CF100000000000000000000D /* Assets.xcassets */,
				CF100000000000000000001D /* RemainFaithful.entitlements */,
				CF4000000000000000000001 /* Info.plist */,
				CF1000000000000000000018 /* Preview Content */,
			);
			path = RemainFaithful;
			sourceTree = "<group>";
		};
		CF1000000000000000000018 /* Preview Content */ = {
			isa = PBXGroup;
			children = (
				CF100000000000000000000E /* Preview Assets.xcassets */,
			);
			path = "Preview Content";
			sourceTree = "<group>";
		};
		CF100000000000000000001A /* RemainFaithfulBroadcast */ = {
			isa = PBXGroup;
			children = (
				CF100000000000000000001B /* SampleHandler.swift */,
				CF100000000000000000001C /* Info.plist */,
				CF100000000000000000001E /* RemainFaithfulBroadcast.entitlements */,
			);
			path = RemainFaithfulBroadcast;
			sourceTree = "<group>";
		};

		CF5000000000000000000001 /* RemainFaithfulTests */ = {
			isa = PBXGroup;
			children = (
				CF5000000000000000000010 /* AuthStateTests.swift */,
				CF5000000000000000000011 /* EventProcessorTests.swift */,
				CF5000000000000000000012 /* FallbackTextClassifierTests.swift */,
				CF5000000000000000000013 /* NotificationRoutingTests.swift */,
			);
			path = RemainFaithfulTests;
			sourceTree = "<group>";
		};
		CF5000000000000000000002 /* RemainFaithfulUITests */ = {
			isa = PBXGroup;
			children = (
				CF5000000000000000000020 /* OnboardingUITests.swift */,
			);
			path = RemainFaithfulUITests;
			sourceTree = "<group>";
		};
/* End PBXGroup section */

/* Begin PBXNativeTarget section */
		CF100000000000000000000A /* RemainFaithful */ = {
			isa = PBXNativeTarget;
			buildConfigurationList = CF1000000000000000000002 /* Build configuration list for PBXNativeTarget "RemainFaithful" */;
			buildPhases = (
				CF1000000000000000000014 /* Sources */,
				CF1000000000000000000015 /* Resources */,
				CF1000000000000000000016 /* Frameworks */,
				CF1000000000000000000027 /* Embed Foundation Extensions */,
			);
			buildRules = (
			);
			dependencies = (
				CF1000000000000000000029 /* PBXTargetDependency */,
			);
			name = RemainFaithful;
			packageProductDependencies = (
				CF2000000000000000000022 /* GoogleSignIn */,
			);
			productName = RemainFaithful;
			productReference = CF100000000000000000000F /* RemainFaithful.app */;
			productType = "com.apple.product-type.application";
		};
		CF1000000000000000000023 /* RemainFaithfulBroadcast */ = {
			isa = PBXNativeTarget;
			buildConfigurationList = CF1000000000000000000024 /* Build configuration list for PBXNativeTarget "RemainFaithfulBroadcast" */;
			buildPhases = (
				CF1000000000000000000020 /* Sources */,
				CF1000000000000000000021 /* Resources */,
				CF1000000000000000000022 /* Frameworks */,
			);
			buildRules = (
			);
			dependencies = (
			);
			name = RemainFaithfulBroadcast;
			productName = RemainFaithfulBroadcast;
			productReference = CF1000000000000000000019 /* RemainFaithfulBroadcast.appex */;
			productType = "com.apple.product-type.app-extension";
		};

		CF5000000000000000000051 /* RemainFaithfulTests */ = {
			isa = PBXNativeTarget;
			buildConfigurationList = CF5000000000000000000054 /* Build configuration list for PBXNativeTarget "RemainFaithfulTests" */;
			buildPhases = (
				CF5000000000000000000052 /* Sources */,
				CF5000000000000000000053 /* Resources */,
			);
			buildRules = (
			);
			dependencies = (
				CF5000000000000000000072 /* PBXTargetDependency */,
			);
			name = RemainFaithfulTests;
			productName = RemainFaithfulTests;
			productReference = CF5000000000000000000050 /* RemainFaithfulTests.xctest */;
			productType = "com.apple.product-type.bundle.unit-test";
		};
		CF5000000000000000000061 /* RemainFaithfulUITests */ = {
			isa = PBXNativeTarget;
			buildConfigurationList = CF5000000000000000000064 /* Build configuration list for PBXNativeTarget "RemainFaithfulUITests" */;
			buildPhases = (
				CF5000000000000000000062 /* Sources */,
				CF5000000000000000000063 /* Resources */,
			);
			buildRules = (
			);
			dependencies = (
				CF5000000000000000000073 /* PBXTargetDependency */,
			);
			name = RemainFaithfulUITests;
			productName = RemainFaithfulUITests;
			productReference = CF5000000000000000000060 /* RemainFaithfulUITests.xctest */;
			productType = "com.apple.product-type.bundle.ui-testing";
		};
/* End PBXNativeTarget section */

/* Begin PBXProject section */
		CF1000000000000000000009 /* Project object */ = {
			isa = PBXProject;
			attributes = {
				BuildIndependentTargetsInParallel = 1;
				LastSwiftUpdateCheck = 1500;
				LastUpgradeCheck = 1500;
				TargetAttributes = {
					CF100000000000000000000A = {
						CreatedOnToolsVersion = 15.0;
					};
					CF1000000000000000000023 = {
						CreatedOnToolsVersion = 15.0;
					};
				};
			};
			buildConfigurationList = CF1000000000000000000001 /* Build configuration list for PBXProject "RemainFaithful" */;
			compatibilityVersion = "Xcode 14.0";
			developmentRegion = en;
			hasScannedForEncodings = 0;
			knownRegions = (
				en,
				Base,
			);
			mainGroup = CF1000000000000000000007;
			packageReferences = (
				CF2000000000000000000020 /* XCRemoteSwiftPackageReference "GoogleSignIn-iOS" */,
			);
			productRefGroup = CF1000000000000000000008 /* Products */;
			projectDirPath = "";
			projectRoot = "";
			targets = (
				CF100000000000000000000A /* RemainFaithful */,
				CF1000000000000000000023 /* RemainFaithfulBroadcast */,
				CF5000000000000000000051 /* RemainFaithfulTests */,
				CF5000000000000000000061 /* RemainFaithfulUITests */,
			);
		};
/* End PBXProject section */

/* Begin PBXResourcesBuildPhase section */
		CF1000000000000000000015 /* Resources */ = {
			isa = PBXResourcesBuildPhase;
			buildActionMask = 2147483647;
			files = (
				CF1000000000000000000013 /* Preview Assets.xcassets in Resources */,
				CF1000000000000000000012 /* Assets.xcassets in Resources */,
			);
			runOnlyForDeploymentPostprocessing = 0;
		};
		CF1000000000000000000021 /* Resources */ = {
			isa = PBXResourcesBuildPhase;
			buildActionMask = 2147483647;
			files = (
			);
			runOnlyForDeploymentPostprocessing = 0;
		};

		CF5000000000000000000053 /* Resources */ = {
			isa = PBXResourcesBuildPhase;
			buildActionMask = 2147483647;
			files = (
			);
			runOnlyForDeploymentPostprocessing = 0;
		};
		CF5000000000000000000063 /* Resources */ = {
			isa = PBXResourcesBuildPhase;
			buildActionMask = 2147483647;
			files = (
			);
			runOnlyForDeploymentPostprocessing = 0;
		};
/* End PBXResourcesBuildPhase section */

/* Begin PBXSourcesBuildPhase section */
		CF1000000000000000000014 /* Sources */ = {
			isa = PBXSourcesBuildPhase;
			buildActionMask = 2147483647;
			files = (
				CF1000000000000000000011 /* ContentView.swift in Sources */,
				CF1000000000000000000010 /* RemainFaithfulApp.swift in Sources */,
				CF1000000000000000000030 /* OnboardingView.swift in Sources */,
				CF1000000000000000000032 /* DashboardView.swift in Sources */,
				CF1000000000000000000034 /* GroupView.swift in Sources */,
				CF1000000000000000000038 /* SettingsView.swift in Sources */,
				CF1000000000000000000039 /* PanicView.swift in Sources */,
				CF100000000000000000003B /* AlertDetailView.swift in Sources */,
				CF100000000000000000003D /* APIClient.swift in Sources */,
				CF1000000000000000000040 /* AppState.swift in Sources */,
				CF1000000000000000000042 /* NotificationService.swift in Sources */,
				CF2000000000000000000011 /* KeychainHelper.swift in Sources */,
				CF2000000000000000000013 /* AuthState.swift in Sources */,
				CF2000000000000000000015 /* LoginView.swift in Sources */,
				CF2000000000000000000031 /* EventProcessor.swift in Sources */,
				CF3000000000000000000002 /* DonationView.swift in Sources */,
				CF3000000000000000000004 /* SafariView.swift in Sources */,
			);
			runOnlyForDeploymentPostprocessing = 0;
		};
		CF1000000000000000000020 /* Sources */ = {
			isa = PBXSourcesBuildPhase;
			buildActionMask = 2147483647;
			files = (
				CF100000000000000000001F /* SampleHandler.swift in Sources */,
			);
			runOnlyForDeploymentPostprocessing = 0;
		};

		CF5000000000000000000052 /* Sources */ = {
			isa = PBXSourcesBuildPhase;
			buildActionMask = 2147483647;
			files = (
				CF5000000000000000000030 /* AuthStateTests.swift in Sources */,
				CF5000000000000000000031 /* EventProcessorTests.swift in Sources */,
				CF5000000000000000000032 /* FallbackTextClassifierTests.swift in Sources */,
				CF5000000000000000000033 /* NotificationRoutingTests.swift in Sources */,
			);
			runOnlyForDeploymentPostprocessing = 0;
		};
		CF5000000000000000000062 /* Sources */ = {
			isa = PBXSourcesBuildPhase;
			buildActionMask = 2147483647;
			files = (
				CF5000000000000000000040 /* OnboardingUITests.swift in Sources */,
			);
			runOnlyForDeploymentPostprocessing = 0;
		};
/* End PBXSourcesBuildPhase section */

/* Begin PBXTargetDependency section */
		CF1000000000000000000029 /* PBXTargetDependency */ = {
			isa = PBXTargetDependency;
			target = CF1000000000000000000023 /* RemainFaithfulBroadcast */;
			targetProxy = CF100000000000000000002A /* PBXContainerItemProxy */;
		};

		CF5000000000000000000072 /* PBXTargetDependency */ = {
			isa = PBXTargetDependency;
			target = CF100000000000000000000A /* RemainFaithful */;
			targetProxy = CF5000000000000000000070 /* PBXContainerItemProxy */;
		};
		CF5000000000000000000073 /* PBXTargetDependency */ = {
			isa = PBXTargetDependency;
			target = CF100000000000000000000A /* RemainFaithful */;
			targetProxy = CF5000000000000000000071 /* PBXContainerItemProxy */;
		};
/* End PBXTargetDependency section */

/* Begin XCBuildConfiguration section */
		CF1000000000000000000003 /* Debug */ = {
			isa = XCBuildConfiguration;
			buildSettings = {
				ALWAYS_SEARCH_USER_PATHS = NO;
				ASSETCATALOG_COMPILER_GENERATE_SWIFT_ASSET_SYMBOL_EXTENSIONS = YES;
				CLANG_ANALYZER_NONNULL = YES;
				CLANG_ANALYZER_NUMBER_OBJECT_CONVERSION = YES_AGGRESSIVE;
				CLANG_CXX_LANGUAGE_STANDARD = "gnu++20";
				CLANG_ENABLE_MODULES = YES;
				CLANG_ENABLE_OBJC_ARC = YES;
				CLANG_ENABLE_OBJC_WEAK = YES;
				CLANG_WARN_BLOCK_CAPTURE_AUTORELEASING = YES;
				CLANG_WARN_BOOL_CONVERSION = YES;
				CLANG_WARN_COMMA = YES;
				CLANG_WARN_CONSTANT_CONVERSION = YES;
				CLANG_WARN_DEPRECATED_OBJC_IMPLEMENTATIONS = YES;
				CLANG_WARN_DIRECT_OBJC_ISA_USAGE = YES_ERROR;
				CLANG_WARN_DOCUMENTATION_COMMENTS = YES;
				CLANG_WARN_EMPTY_BODY = YES;
				CLANG_WARN_ENUM_CONVERSION = YES;
				CLANG_WARN_INFINITE_RECURSION = YES;
				CLANG_WARN_INT_CONVERSION = YES;
				CLANG_WARN_NON_LITERAL_NULL_CONVERSION = YES;
				CLANG_WARN_OBJC_IMPLICIT_RETAIN_SELF = YES;
				CLANG_WARN_OBJC_LITERAL_CONVERSION = YES;
				CLANG_WARN_OBJC_ROOT_CLASS = YES_ERROR;
				CLANG_WARN_QUOTED_INCLUDE_IN_FRAMEWORK_HEADER = YES;
				CLANG_WARN_RANGE_LOOP_ANALYSIS = YES;
				CLANG_WARN_STRICT_PROTOTYPES = YES;
				CLANG_WARN_SUSPICIOUS_MOVE = YES;
				CLANG_WARN_UNGUARDED_AVAILABILITY = YES_AGGRESSIVE;
				CLANG_WARN_UNREACHABLE_CODE = YES;
				CLANG_WARN__DUPLICATE_METHOD_MATCH = YES;
				COPY_PHASE_STRIP = NO;
				DEBUG_INFORMATION_FORMAT = dwarf;
				ENABLE_STRICT_OBJC_MSGSEND = YES;
				ENABLE_TESTABILITY = YES;
				ENABLE_USER_SCRIPT_SANDBOXING = YES;
				GCC_C_LANGUAGE_STANDARD = gnu17;
				GCC_DYNAMIC_NO_PIC = NO;
				GCC_NO_COMMON_BLOCKS = YES;
				GCC_OPTIMIZATION_LEVEL = 0;
				GCC_PREPROCESSOR_DEFINITIONS = (
					"DEBUG=1",
					"$(inherited)",
				);
				GCC_WARN_64_TO_32_BIT_CONVERSION = YES;
				GCC_WARN_ABOUT_RETURN_TYPE = YES_ERROR;
				GCC_WARN_UNDECLARED_SELECTOR = YES;
				GCC_WARN_UNINITIALIZED_AUTOS = YES_AGGRESSIVE;
				GCC_WARN_UNUSED_FUNCTION = YES;
				GCC_WARN_UNUSED_VARIABLE = YES;
				IPHONEOS_DEPLOYMENT_TARGET = 17.0;
				MTL_ENABLE_DEBUG_INFO = INCLUDE_SOURCE;
				MTL_FAST_MATH = YES;
				ONLY_ACTIVE_ARCH = YES;
				SDKROOT = iphoneos;
				SWIFT_ACTIVE_COMPILATION_CONDITIONS = "DEBUG $(inherited)";
				SWIFT_OPTIMIZATION_LEVEL = "-Onone";
			};
			name = Debug;
		};
		CF1000000000000000000004 /* Release */ = {
			isa = XCBuildConfiguration;
			buildSettings = {
				ALWAYS_SEARCH_USER_PATHS = NO;
				ASSETCATALOG_COMPILER_GENERATE_SWIFT_ASSET_SYMBOL_EXTENSIONS = YES;
				CLANG_ANALYZER_NONNULL = YES;
				CLANG_ANALYZER_NUMBER_OBJECT_CONVERSION = YES_AGGRESSIVE;
				CLANG_CXX_LANGUAGE_STANDARD = "gnu++20";
				CLANG_ENABLE_MODULES = YES;
				CLANG_ENABLE_OBJC_ARC = YES;
				CLANG_ENABLE_OBJC_WEAK = YES;
				CLANG_WARN_BLOCK_CAPTURE_AUTORELEASING = YES;
				CLANG_WARN_BOOL_CONVERSION = YES;
				CLANG_WARN_COMMA = YES;
				CLANG_WARN_CONSTANT_CONVERSION = YES;
				CLANG_WARN_DEPRECATED_OBJC_IMPLEMENTATIONS = YES;
				CLANG_WARN_DIRECT_OBJC_ISA_USAGE = YES_ERROR;
				CLANG_WARN_DOCUMENTATION_COMMENTS = YES;
				CLANG_WARN_EMPTY_BODY = YES;
				CLANG_WARN_ENUM_CONVERSION = YES;
				CLANG_WARN_INFINITE_RECURSION = YES;
				CLANG_WARN_INT_CONVERSION = YES;
				CLANG_WARN_NON_LITERAL_NULL_CONVERSION = YES;
				CLANG_WARN_OBJC_IMPLICIT_RETAIN_SELF = YES;
				CLANG_WARN_OBJC_LITERAL_CONVERSION = YES;
				CLANG_WARN_OBJC_ROOT_CLASS = YES_ERROR;
				CLANG_WARN_QUOTED_INCLUDE_IN_FRAMEWORK_HEADER = YES;
				CLANG_WARN_RANGE_LOOP_ANALYSIS = YES;
				CLANG_WARN_STRICT_PROTOTYPES = YES;
				CLANG_WARN_SUSPICIOUS_MOVE = YES;
				CLANG_WARN_UNGUARDED_AVAILABILITY = YES_AGGRESSIVE;
				CLANG_WARN_UNREACHABLE_CODE = YES;
				CLANG_WARN__DUPLICATE_METHOD_MATCH = YES;
				COPY_PHASE_STRIP = NO;
				DEBUG_INFORMATION_FORMAT = "dwarf-with-dsym";
				ENABLE_NS_ASSERTIONS = NO;
				ENABLE_STRICT_OBJC_MSGSEND = YES;
				ENABLE_USER_SCRIPT_SANDBOXING = YES;
				GCC_C_LANGUAGE_STANDARD = gnu17;
				GCC_NO_COMMON_BLOCKS = YES;
				GCC_WARN_64_TO_32_BIT_CONVERSION = YES;
				GCC_WARN_ABOUT_RETURN_TYPE = YES_ERROR;
				GCC_WARN_UNDECLARED_SELECTOR = YES;
				GCC_WARN_UNINITIALIZED_AUTOS = YES_AGGRESSIVE;
				GCC_WARN_UNUSED_FUNCTION = YES;
				GCC_WARN_UNUSED_VARIABLE = YES;
				IPHONEOS_DEPLOYMENT_TARGET = 17.0;
				MTL_FAST_MATH = YES;
				SDKROOT = iphoneos;
				SWIFT_COMPILATION_MODE = wholemodule;
				VALIDATE_PRODUCT = YES;
			};
			name = Release;
		};
		CF1000000000000000000005 /* Debug */ = {
			isa = XCBuildConfiguration;
			buildSettings = {
				ASSETCATALOG_COMPILER_APPICON_NAME = AppIcon;
				ASSETCATALOG_COMPILER_GLOBAL_ACCENT_COLOR_NAME = AccentColor;
				CODE_SIGN_ENTITLEMENTS = "RemainFaithful/RemainFaithful.entitlements";
				CODE_SIGN_STYLE = Automatic;
				CURRENT_PROJECT_VERSION = 1;
				DEVELOPMENT_TEAM = 8NXBLJBMQ6;
				ENABLE_USER_SCRIPT_SANDBOXING = NO;
				INFOPLIST_FILE = RemainFaithful/Info.plist;
				IPHONEOS_DEPLOYMENT_TARGET = 17.0;
				LD_RUNPATH_SEARCH_PATHS = (
					"$(inherited)",
					"@executable_path/Frameworks",
				);
				MARKETING_VERSION = 1.0;
				PRODUCT_BUNDLE_IDENTIFIER = com.remainfaithful.app;
				PRODUCT_NAME = "$(TARGET_NAME)";
				SWIFT_EMIT_LOC_STRINGS = YES;
				SWIFT_VERSION = 5.0;
				TARGETED_DEVICE_FAMILY = "1,2";
			};
			name = Debug;
		};
		CF1000000000000000000006 /* Release */ = {
			isa = XCBuildConfiguration;
			buildSettings = {
				ASSETCATALOG_COMPILER_APPICON_NAME = AppIcon;
				ASSETCATALOG_COMPILER_GLOBAL_ACCENT_COLOR_NAME = AccentColor;
				CODE_SIGN_ENTITLEMENTS = "RemainFaithful/RemainFaithful.entitlements";
				CODE_SIGN_STYLE = Automatic;
				CURRENT_PROJECT_VERSION = 1;
				DEVELOPMENT_TEAM = 8NXBLJBMQ6;
				ENABLE_USER_SCRIPT_SANDBOXING = NO;
				INFOPLIST_FILE = RemainFaithful/Info.plist;
				IPHONEOS_DEPLOYMENT_TARGET = 17.0;
				LD_RUNPATH_SEARCH_PATHS = (
					"$(inherited)",
					"@executable_path/Frameworks",
				);
				MARKETING_VERSION = 1.0;
				PRODUCT_BUNDLE_IDENTIFIER = com.remainfaithful.app;
				PRODUCT_NAME = "$(TARGET_NAME)";
				SWIFT_EMIT_LOC_STRINGS = YES;
				SWIFT_VERSION = 5.0;
				TARGETED_DEVICE_FAMILY = "1,2";
			};
			name = Release;
		};
		CF1000000000000000000025 /* Debug */ = {
			isa = XCBuildConfiguration;
			buildSettings = {
				CODE_SIGN_ENTITLEMENTS = "RemainFaithfulBroadcast/RemainFaithfulBroadcast.entitlements";
				CODE_SIGN_STYLE = Automatic;
				CURRENT_PROJECT_VERSION = 1;
				DEVELOPMENT_TEAM = 8NXBLJBMQ6;
				INFOPLIST_FILE = RemainFaithfulBroadcast/Info.plist;
				IPHONEOS_DEPLOYMENT_TARGET = 17.0;
				LD_RUNPATH_SEARCH_PATHS = (
					"$(inherited)",
					"@executable_path/Frameworks",
					"@executable_path/../../Frameworks",
				);
				MARKETING_VERSION = 1.0;
				PRODUCT_BUNDLE_IDENTIFIER = com.remainfaithful.app.broadcast;
				PRODUCT_NAME = "$(TARGET_NAME)";
				SKIP_INSTALL = YES;
				SWIFT_VERSION = 5.0;
				TARGETED_DEVICE_FAMILY = "1,2";
			};
			name = Debug;
		};
		CF1000000000000000000026 /* Release */ = {
			isa = XCBuildConfiguration;
			buildSettings = {
				CODE_SIGN_ENTITLEMENTS = "RemainFaithfulBroadcast/RemainFaithfulBroadcast.entitlements";
				CODE_SIGN_STYLE = Automatic;
				CURRENT_PROJECT_VERSION = 1;
				DEVELOPMENT_TEAM = 8NXBLJBMQ6;
				INFOPLIST_FILE = RemainFaithfulBroadcast/Info.plist;
				IPHONEOS_DEPLOYMENT_TARGET = 17.0;
				LD_RUNPATH_SEARCH_PATHS = (
					"$(inherited)",
					"@executable_path/Frameworks",
					"@executable_path/../../Frameworks",
				);
				MARKETING_VERSION = 1.0;
				PRODUCT_BUNDLE_IDENTIFIER = com.remainfaithful.app.broadcast;
				PRODUCT_NAME = "$(TARGET_NAME)";
				SKIP_INSTALL = YES;
				SWIFT_VERSION = 5.0;
				TARGETED_DEVICE_FAMILY = "1,2";
			};
			name = Release;
		};

		CF5000000000000000000055 /* Debug */ = {
			isa = XCBuildConfiguration;
			buildSettings = {
				BUNDLE_LOADER = "$(TEST_HOST)";
				CODE_SIGN_STYLE = Automatic;
				DEVELOPMENT_TEAM = 8NXBLJBMQ6;
				IPHONEOS_DEPLOYMENT_TARGET = 16.0;
				PRODUCT_BUNDLE_IDENTIFIER = com.remainfaithful.tests;
				PRODUCT_NAME = "$(TARGET_NAME)";
				SWIFT_VERSION = 5.0;
				TARGETED_DEVICE_FAMILY = "1,2";
				TEST_HOST = "$(BUILT_PRODUCTS_DIR)/RemainFaithful.app/$(BUNDLE_EXECUTABLE_FOLDER_PATH)/RemainFaithful";
			};
			name = Debug;
		};
		CF5000000000000000000056 /* Release */ = {
			isa = XCBuildConfiguration;
			buildSettings = {
				BUNDLE_LOADER = "$(TEST_HOST)";
				CODE_SIGN_STYLE = Automatic;
				DEVELOPMENT_TEAM = 8NXBLJBMQ6;
				IPHONEOS_DEPLOYMENT_TARGET = 16.0;
				PRODUCT_BUNDLE_IDENTIFIER = com.remainfaithful.tests;
				PRODUCT_NAME = "$(TARGET_NAME)";
				SWIFT_VERSION = 5.0;
				TARGETED_DEVICE_FAMILY = "1,2";
				TEST_HOST = "$(BUILT_PRODUCTS_DIR)/RemainFaithful.app/$(BUNDLE_EXECUTABLE_FOLDER_PATH)/RemainFaithful";
			};
			name = Release;
		};
		CF5000000000000000000065 /* Debug */ = {
			isa = XCBuildConfiguration;
			buildSettings = {
				CODE_SIGN_STYLE = Automatic;
				DEVELOPMENT_TEAM = 8NXBLJBMQ6;
				IPHONEOS_DEPLOYMENT_TARGET = 16.0;
				PRODUCT_BUNDLE_IDENTIFIER = com.remainfaithful.uitests;
				PRODUCT_NAME = "$(TARGET_NAME)";
				SWIFT_VERSION = 5.0;
				TARGETED_DEVICE_FAMILY = "1,2";
				TEST_TARGET_NAME = RemainFaithful;
			};
			name = Debug;
		};
		CF5000000000000000000066 /* Release */ = {
			isa = XCBuildConfiguration;
			buildSettings = {
				CODE_SIGN_STYLE = Automatic;
				DEVELOPMENT_TEAM = 8NXBLJBMQ6;
				IPHONEOS_DEPLOYMENT_TARGET = 16.0;
				PRODUCT_BUNDLE_IDENTIFIER = com.remainfaithful.uitests;
				PRODUCT_NAME = "$(TARGET_NAME)";
				SWIFT_VERSION = 5.0;
				TARGETED_DEVICE_FAMILY = "1,2";
				TEST_TARGET_NAME = RemainFaithful;
			};
			name = Release;
		};
/* End XCBuildConfiguration section */

/* Begin XCRemoteSwiftPackageReference section */
		CF2000000000000000000020 /* XCRemoteSwiftPackageReference "GoogleSignIn-iOS" */ = {
			isa = XCRemoteSwiftPackageReference;
			repositoryURL = "https://github.com/google/GoogleSignIn-iOS";
			requirement = {
				kind = upToNextMajorVersion;
				minimumVersion = 7.0.0;
			};
		};
/* End XCRemoteSwiftPackageReference section */

/* Begin XCSwiftPackageProductDependency section */
		CF2000000000000000000022 /* GoogleSignIn */ = {
			isa = XCSwiftPackageProductDependency;
			package = CF2000000000000000000020 /* XCRemoteSwiftPackageReference "GoogleSignIn-iOS" */;
			productName = GoogleSignIn;
		};
/* End XCSwiftPackageProductDependency section */

/* Begin XCConfigurationList section */
		CF1000000000000000000001 /* Build configuration list for PBXProject "RemainFaithful" */ = {
			isa = XCConfigurationList;
			buildConfigurations = (
				CF1000000000000000000003 /* Debug */,
				CF1000000000000000000004 /* Release */,
			);
			defaultConfigurationIsVisible = 0;
			defaultConfigurationName = Release;
		};
		CF1000000000000000000002 /* Build configuration list for PBXNativeTarget "RemainFaithful" */ = {
			isa = XCConfigurationList;
			buildConfigurations = (
				CF1000000000000000000005 /* Debug */,
				CF1000000000000000000006 /* Release */,
			);
			defaultConfigurationIsVisible = 0;
			defaultConfigurationName = Release;
		};
		CF1000000000000000000024 /* Build configuration list for PBXNativeTarget "RemainFaithfulBroadcast" */ = {
			isa = XCConfigurationList;
			buildConfigurations = (
				CF1000000000000000000025 /* Debug */,
				CF1000000000000000000026 /* Release */,
			);
			defaultConfigurationIsVisible = 0;
			defaultConfigurationName = Release;
		};

		CF5000000000000000000054 /* Build configuration list for PBXNativeTarget "RemainFaithfulTests" */ = {
			isa = XCConfigurationList;
			buildConfigurations = (
				CF5000000000000000000055 /* Debug */,
				CF5000000000000000000056 /* Release */,
			);
			defaultConfigurationIsVisible = 0;
			defaultConfigurationName = Release;
		};
		CF5000000000000000000064 /* Build configuration list for PBXNativeTarget "RemainFaithfulUITests" */ = {
			isa = XCConfigurationList;
			buildConfigurations = (
				CF5000000000000000000065 /* Debug */,
				CF5000000000000000000066 /* Release */,
			);
			defaultConfigurationIsVisible = 0;
			defaultConfigurationName = Release;
		};
/* End XCConfigurationList section */
	};
	rootObject = CF1000000000000000000009 /* Project object */;
}
