// !$*UTF8*$!
{
	archiveVersion = 1;
	classes = {
	};
	objectVersion = 56;
	objects = {

/* Begin PBXBuildFile section */
		239AB3000C53658EEC810727 /* FamilyControlsManager.swift in Sources */ = {isa = PBXBuildFile; fileRef = 8E4CAD23CFD4AD96CC364AE3 /* FamilyControlsManager.swift */; };
		2665C2D9BF6D50BC7D667208 /* UIKit.framework in Frameworks */ = {isa = PBXBuildFile; fileRef = 53205080DD5CB66E93B07EAD /* UIKit.framework */; };
		369BCD23691CBB84AD8E1C63 /* ActivitySelectionManager.swift in Sources */ = {isa = PBXBuildFile; fileRef = 4D5E7BC25A552140467191F7 /* ActivitySelectionManager.swift */; };
		534D9731F84FDAD9FB698DCD /* PrivacyInfo.xcprivacy in Resources */ = {isa = PBXBuildFile; fileRef = 1EA28F59B5D27D9AABFBD64F /* PrivacyInfo.xcprivacy */; };
		5E1899B507B078B91C892FA9 /* PrivacyInfo.xcprivacy in Resources */ = {isa = PBXBuildFile; fileRef = 9D59EBDC38D57F89A7BE3696 /* PrivacyInfo.xcprivacy */; };
		650ED6E8E1562A9E6F7B8DFD /* ShieldConfigurationExtension.swift in Sources */ = {isa = PBXBuildFile; fileRef = DBBFB79EBC8DDF4F495AF80B /* ShieldConfigurationExtension.swift */; };
		768AAE90E9757B328F1ADFEA /* PrivacyInfo.xcprivacy in Resources */ = {isa = PBXBuildFile; fileRef = EDDA5BD449512137C79CCCE2 /* PrivacyInfo.xcprivacy */; };
		7B43EB9F1413A9A877F5328D /* PrivacyInfo.xcprivacy in Resources */ = {isa = PBXBuildFile; fileRef = 6BE1418C33B2462B16F63B5A /* PrivacyInfo.xcprivacy */; };
		7CBF6CD5000785890E729A86 /* RemainFaithfulShieldConfig.appex in Embed Foundation Extensions */ = {isa = PBXBuildFile; fileRef = E5EE199CFE102F01D9039E99 /* RemainFaithfulShieldConfig.appex */; settings = {ATTRIBUTES = (RemoveHeadersOnCopy, ); }; };
		A64B8771DC269E569F540247 /* Foundation.framework in Frameworks */ = {isa = PBXBuildFile; fileRef = 490E0FB6D3B8EE0DA6C4922D /* Foundation.framework */; };
		ADAEDC95E7DD3992B9F68BA6 /* AppIcon-1024.png in Resources */ = {isa = PBXBuildFile; fileRef = 2CDFD98843615C529873A74F /* AppIcon-1024.png */; };
		B9E3FBF755AC25C73096F8A5 /* ManagedSettings.framework in Frameworks */ = {isa = PBXBuildFile; fileRef = EA9CF2E3CCF78F4066943E08 /* ManagedSettings.framework */; };
		B9FBE0AAE00A1EEF84DD985F /* ScreenTimeMonitoringView.swift in Sources */ = {isa = PBXBuildFile; fileRef = 80CB81AE9CD4B3BF2B70DA65 /* ScreenTimeMonitoringView.swift */; };
		CE769AD83ECF543F758EDAE1 /* DeviceActivityMonitorExtension.swift in Sources */ = {isa = PBXBuildFile; fileRef = 3D2CBE57E1E412B8583786C0 /* DeviceActivityMonitorExtension.swift */; };
		CF1000000000000000000010 /* RemainFaithfulApp.swift in Sources */ = {isa = PBXBuildFile; fileRef = CF100000000000000000000B /* RemainFaithfulApp.swift */; };
		CF1000000000000000000011 /* ContentView.swift in Sources */ = {isa = PBXBuildFile; fileRef = CF100000000000000000000C /* ContentView.swift */; };
		CF1000000000000000000012 /* Assets.xcassets in Resources */ = {isa = PBXBuildFile; fileRef = CF100000000000000000000D /* Assets.xcassets */; };
		CF1000000000000000000013 /* Preview Assets.xcassets in Resources */ = {isa = PBXBuildFile; fileRef = CF100000000000000000000E /* Preview Assets.xcassets */; };
		CF100000000000000000001F /* SampleHandler.swift in Sources */ = {isa = PBXBuildFile; fileRef = CF100000000000000000001B /* SampleHandler.swift */; };
		CF1000000000000000000028 /* RemainFaithfulBroadcast.appex in Embed Foundation Extensions */ = {isa = PBXBuildFile; fileRef = CF1000000000000000000019 /* RemainFaithfulBroadcast.appex */; platformFilters = (ios, ); settings = {ATTRIBUTES = (RemoveHeadersOnCopy, ); }; };
		CF1000000000000000000030 /* OnboardingView.swift in Sources */ = {isa = PBXBuildFile; fileRef = CF100000000000000000002F /* OnboardingView.swift */; };
		CF1000000000000000000032 /* DashboardView.swift in Sources */ = {isa = PBXBuildFile; fileRef = CF1000000000000000000031 /* DashboardView.swift */; };
		CF1000000000000000000034 /* GroupView.swift in Sources */ = {isa = PBXBuildFile; fileRef = CF1000000000000000000033 /* GroupView.swift */; };
		CF1000000000000000000036 /* SensitiveContentAnalysis.framework in Frameworks */ = {isa = PBXBuildFile; fileRef = CF1000000000000000000035 /* SensitiveContentAnalysis.framework */; };
		CF1000000000000000000038 /* SettingsView.swift in Sources */ = {isa = PBXBuildFile; fileRef = CF1000000000000000000037 /* SettingsView.swift */; };
		CF1000000000000000000039 /* PanicView.swift in Sources */ = {isa = PBXBuildFile; fileRef = CF100000000000000000003A /* PanicView.swift */; };
		CF100000000000000000003B /* AlertDetailView.swift in Sources */ = {isa = PBXBuildFile; fileRef = CF100000000000000000003C /* AlertDetailView.swift */; };
		CF100000000000000000003D /* APIClient.swift in Sources */ = {isa = PBXBuildFile; fileRef = CF100000000000000000003E /* APIClient.swift */; };
		CF1000000000000000000040 /* AppState.swift in Sources */ = {isa = PBXBuildFile; fileRef = CF100000000000000000003F /* AppState.swift */; };
		CF1000000000000000000042 /* NotificationService.swift in Sources */ = {isa = PBXBuildFile; fileRef = CF1000000000000000000041 /* NotificationService.swift */; };
		CF2000000000000000000011 /* KeychainHelper.swift in Sources */ = {isa = PBXBuildFile; fileRef = CF2000000000000000000010 /* KeychainHelper.swift */; };
		CF2000000000000000000013 /* AuthState.swift in Sources */ = {isa = PBXBuildFile; fileRef = CF2000000000000000000012 /* AuthState.swift */; };
		CF2000000000000000000015 /* LoginView.swift in Sources */ = {isa = PBXBuildFile; fileRef = CF2000000000000000000014 /* LoginView.swift */; };
		CF2000000000000000000023 /* GoogleSignIn in Frameworks */ = {isa = PBXBuildFile; productRef = CF2000000000000000000022 /* GoogleSignIn */; };
		AB100000000000000000001B /* AppLockoutManager.swift in Sources */ = {isa = PBXBuildFile; fileRef = AB100000000000000000001A /* AppLockoutManager.swift */; };
		AB100000000000000000002B /* PartnerPINManager.swift in Sources */ = {isa = PBXBuildFile; fileRef = AB100000000000000000002A /* PartnerPINManager.swift */; };
		AB100000000000000000003B /* PINEntryView.swift in Sources */ = {isa = PBXBuildFile; fileRef = AB100000000000000000003A /* PINEntryView.swift */; };
		CF2000000000000000000031 /* EventProcessor.swift in Sources */ = {isa = PBXBuildFile; fileRef = CF2000000000000000000030 /* EventProcessor.swift */; };
		CF3000000000000000000002 /* DonationView.swift in Sources */ = {isa = PBXBuildFile; fileRef = CF3000000000000000000001 /* DonationView.swift */; };
		CF3000000000000000000004 /* SafariView.swift in Sources */ = {isa = PBXBuildFile; fileRef = CF3000000000000000000003 /* SafariView.swift */; };
		CF5000000000000000000030 /* AuthStateTests.swift in Sources */ = {isa = PBXBuildFile; fileRef = CF5000000000000000000010 /* AuthStateTests.swift */; };
		CF5000000000000000000031 /* EventProcessorTests.swift in Sources */ = {isa = PBXBuildFile; fileRef = CF5000000000000000000011 /* EventProcessorTests.swift */; };
		CF5000000000000000000032 /* FallbackTextClassifierTests.swift in Sources */ = {isa = PBXBuildFile; fileRef = CF5000000000000000000012 /* FallbackTextClassifierTests.swift */; };
		CF5000000000000000000033 /* NotificationRoutingTests.swift in Sources */ = {isa = PBXBuildFile; fileRef = CF5000000000000000000013 /* NotificationRoutingTests.swift */; };
		CF5000000000000000000040 /* OnboardingUITests.swift in Sources */ = {isa = PBXBuildFile; fileRef = CF5000000000000000000020 /* OnboardingUITests.swift */; };
		D39FA2F5F3CCBF2E9238DFA3 /* RemainFaithfulDeviceActivity.appex in Embed Foundation Extensions */ = {isa = PBXBuildFile; fileRef = 062B769C6E838506C4886555 /* RemainFaithfulDeviceActivity.appex */; settings = {ATTRIBUTES = (RemoveHeadersOnCopy, ); }; };
		DFC0FBC053BAE487D457D125 /* ManagedSettingsUI.framework in Frameworks */ = {isa = PBXBuildFile; fileRef = 1449106D2018917FAF7D08EE /* ManagedSettingsUI.framework */; };
/* End PBXBuildFile section */

/* Begin PBXContainerItemProxy section */
		7150E91E7155C236154AB813 /* PBXContainerItemProxy */ = {
			isa = PBXContainerItemProxy;
			containerPortal = CF1000000000000000000009 /* Project object */;
			proxyType = 1;
			remoteGlobalIDString = 79AC8D8C1087C0A223C54B67;
			remoteInfo = RemainFaithfulShieldConfig;
		};
		CF100000000000000000002A /* PBXContainerItemProxy */ = {
			isa = PBXContainerItemProxy;
			containerPortal = CF1000000000000000000009 /* Project object */;
			proxyType = 1;
			remoteGlobalIDString = CF1000000000000000000023;
			remoteInfo = RemainFaithfulBroadcast;
		};
		CF1454429B9464075FDC4AA6 /* PBXContainerItemProxy */ = {
			isa = PBXContainerItemProxy;
			containerPortal = CF1000000000000000000009 /* Project object */;
			proxyType = 1;
			remoteGlobalIDString = C25024C7EBA6191BE43312B4;
			remoteInfo = RemainFaithfulDeviceActivity;
		};
		CF5000000000000000000070 /* PBXContainerItemProxy */ = {
			isa = PBXContainerItemProxy;
			containerPortal = CF1000000000000000000009 /* Project object */;
			proxyType = 1;
			remoteGlobalIDString = CF100000000000000000000A;
			remoteInfo = RemainFaithful;
		};
		CF5000000000000000000071 /* PBXContainerItemProxy */ = {
			isa = PBXContainerItemProxy;
			containerPortal = CF1000000000000000000009 /* Project object */;
			proxyType = 1;
			remoteGlobalIDString = CF100000000000000000000A;
			remoteInfo = RemainFaithful;
		};
/* End PBXContainerItemProxy section */

/* Begin PBXCopyFilesBuildPhase section */
		CF1000000000000000000027 /* Embed Foundation Extensions */ = {
			isa = PBXCopyFilesBuildPhase;
			buildActionMask = 2147483647;
			dstPath = "";
			dstSubfolderSpec = 13;
			files = (
				CF1000000000000000000028 /* RemainFaithfulBroadcast.appex in Embed Foundation Extensions */,
				D39FA2F5F3CCBF2E9238DFA3 /* RemainFaithfulDeviceActivity.appex in Embed Foundation Extensions */,
				7CBF6CD5000785890E729A86 /* RemainFaithfulShieldConfig.appex in Embed Foundation Extensions */,
			);
			name = "Embed Foundation Extensions";
			runOnlyForDeploymentPostprocessing = 0;
		};
/* End PBXCopyFilesBuildPhase section */

/* Begin PBXFileReference section */
		062B769C6E838506C4886555 /* RemainFaithfulDeviceActivity.appex */ = {isa = PBXFileReference; explicitFileType = "wrapper.app-extension"; includeInIndex = 0; path = RemainFaithfulDeviceActivity.appex; sourceTree = BUILT_PRODUCTS_DIR; };
		1449106D2018917FAF7D08EE /* ManagedSettingsUI.framework */ = {isa = PBXFileReference; lastKnownFileType = wrapper.framework; name = ManagedSettingsUI.framework; path = Platforms/iPhoneOS.platform/Developer/SDKs/iPhoneOS18.0.sdk/System/Library/Frameworks/ManagedSettingsUI.framework; sourceTree = DEVELOPER_DIR; };
		1EA28F59B5D27D9AABFBD64F /* PrivacyInfo.xcprivacy */ = {isa = PBXFileReference; includeInIndex = 1; path = PrivacyInfo.xcprivacy; sourceTree = "<group>"; };
		2CDFD98843615C529873A74F /* AppIcon-1024.png */ = {isa = PBXFileReference; includeInIndex = 1; lastKnownFileType = image.png; path = "AppIcon-1024.png"; sourceTree = "<group>"; };
		32BAB7718C4E46EE355F0F39 /* Info.plist */ = {isa = PBXFileReference; includeInIndex = 1; lastKnownFileType = text.plist.xml; path = Info.plist; sourceTree = "<group>"; };
		38C8BA6B71076BB00F097166 /* ManagedSettings.framework */ = {isa = PBXFileReference; lastKnownFileType = wrapper.framework; name = ManagedSettings.framework; path = System/Library/Frameworks/ManagedSettings.framework; sourceTree = SDKROOT; };
		3D2CBE57E1E412B8583786C0 /* DeviceActivityMonitorExtension.swift */ = {isa = PBXFileReference; includeInIndex = 1; lastKnownFileType = sourcecode.swift; path = DeviceActivityMonitorExtension.swift; sourceTree = "<group>"; };
		490E0FB6D3B8EE0DA6C4922D /* Foundation.framework */ = {isa = PBXFileReference; lastKnownFileType = wrapper.framework; name = Foundation.framework; path = Platforms/iPhoneOS.platform/Developer/SDKs/iPhoneOS18.0.sdk/System/Library/Frameworks/Foundation.framework; sourceTree = DEVELOPER_DIR; };
		4D5E7BC25A552140467191F7 /* ActivitySelectionManager.swift */ = {isa = PBXFileReference; includeInIndex = 1; lastKnownFileType = sourcecode.swift; path = ActivitySelectionManager.swift; sourceTree = "<group>"; };
		AB100000000000000000001A /* AppLockoutManager.swift */ = {isa = PBXFileReference; includeInIndex = 1; lastKnownFileType = sourcecode.swift; path = AppLockoutManager.swift; sourceTree = "<group>"; };
		AB100000000000000000002A /* PartnerPINManager.swift */ = {isa = PBXFileReference; includeInIndex = 1; lastKnownFileType = sourcecode.swift; path = PartnerPINManager.swift; sourceTree = "<group>"; };
		AB100000000000000000003A /* PINEntryView.swift */ = {isa = PBXFileReference; includeInIndex = 1; lastKnownFileType = sourcecode.swift; path = PINEntryView.swift; sourceTree = "<group>"; };
		53205080DD5CB66E93B07EAD /* UIKit.framework */ = {isa = PBXFileReference; lastKnownFileType = wrapper.framework; name = UIKit.framework; path = Platforms/iPhoneOS.platform/Developer/SDKs/iPhoneOS18.0.sdk/System/Library/Frameworks/UIKit.framework; sourceTree = DEVELOPER_DIR; };
		5F794A6955CDF454D6EA4322 /* Info.plist */ = {isa = PBXFileReference; includeInIndex = 1; lastKnownFileType = text.plist.xml; path = Info.plist; sourceTree = "<group>"; };
		6BE1418C33B2462B16F63B5A /* PrivacyInfo.xcprivacy */ = {isa = PBXFileReference; includeInIndex = 1; path = PrivacyInfo.xcprivacy; sourceTree = "<group>"; };
		80CB81AE9CD4B3BF2B70DA65 /* ScreenTimeMonitoringView.swift */ = {isa = PBXFileReference; includeInIndex = 1; lastKnownFileType = sourcecode.swift; path = ScreenTimeMonitoringView.swift; sourceTree = "<group>"; };
		88F737CD62838DCD85A5F50D /* RemainFaithfulShieldConfig.entitlements */ = {isa = PBXFileReference; includeInIndex = 1; lastKnownFileType = text.plist.entitlements; path = RemainFaithfulShieldConfig.entitlements; sourceTree = "<group>"; };
		8A8CF741CEB65744CAA53BCF /* ShieldConfiguration.framework */ = {isa = PBXFileReference; lastKnownFileType = wrapper.framework; name = ShieldConfiguration.framework; path = Platforms/iPhoneOS.platform/Developer/SDKs/iPhoneOS18.0.sdk/System/Library/Frameworks/ShieldConfiguration.framework; sourceTree = DEVELOPER_DIR; };
		8E4CAD23CFD4AD96CC364AE3 /* FamilyControlsManager.swift */ = {isa = PBXFileReference; includeInIndex = 1; lastKnownFileType = sourcecode.swift; path = FamilyControlsManager.swift; sourceTree = "<group>"; };
		9D59EBDC38D57F89A7BE3696 /* PrivacyInfo.xcprivacy */ = {isa = PBXFileReference; includeInIndex = 1; path = PrivacyInfo.xcprivacy; sourceTree = "<group>"; };
		CF100000000000000000000B /* RemainFaithfulApp.swift */ = {isa = PBXFileReference; lastKnownFileType = sourcecode.swift; path = RemainFaithfulApp.swift; sourceTree = "<group>"; };
		CF100000000000000000000C /* ContentView.swift */ = {isa = PBXFileReference; lastKnownFileType = sourcecode.swift; path = ContentView.swift; sourceTree = "<group>"; };
		CF100000000000000000000D /* Assets.xcassets */ = {isa = PBXFileReference; lastKnownFileType = folder.assetcatalog; path = Assets.xcassets; sourceTree = "<group>"; };
		CF100000000000000000000E /* Preview Assets.xcassets */ = {isa = PBXFileReference; lastKnownFileType = folder.assetcatalog; path = "Preview Assets.xcassets"; sourceTree = "<group>"; };
		CF100000000000000000000F /* RemainFaithful.app */ = {isa = PBXFileReference; explicitFileType = wrapper.application; includeInIndex = 0; path = RemainFaithful.app; sourceTree = BUILT_PRODUCTS_DIR; };
		CF1000000000000000000019 /* RemainFaithfulBroadcast.appex */ = {isa = PBXFileReference; explicitFileType = "wrapper.app-extension"; includeInIndex = 0; path = RemainFaithfulBroadcast.appex; sourceTree = BUILT_PRODUCTS_DIR; };
		CF100000000000000000001B /* SampleHandler.swift */ = {isa = PBXFileReference; lastKnownFileType = sourcecode.swift; path = SampleHandler.swift; sourceTree = "<group>"; };
		CF100000000000000000001C /* Info.plist */ = {isa = PBXFileReference; lastKnownFileType = text.plist.xml; path = Info.plist; sourceTree = "<group>"; };
		CF100000000000000000001D /* RemainFaithful.entitlements */ = {isa = PBXFileReference; lastKnownFileType = text.plist.entitlements; path = RemainFaithful.entitlements; sourceTree = "<group>"; };
		CF100000000000000000001E /* RemainFaithfulBroadcast.entitlements */ = {isa = PBXFileReference; lastKnownFileType = text.plist.entitlements; path = RemainFaithfulBroadcast.entitlements; sourceTree = "<group>"; };
		CF100000000000000000002F /* OnboardingView.swift */ = {isa = PBXFileReference; lastKnownFileType = sourcecode.swift; path = OnboardingView.swift; sourceTree = "<group>"; };
		CF1000000000000000000031 /* DashboardView.swift */ = {isa = PBXFileReference; lastKnownFileType = sourcecode.swift; path = DashboardView.swift; sourceTree = "<group>"; };
		CF1000000000000000000033 /* GroupView.swift */ = {isa = PBXFileReference; lastKnownFileType = sourcecode.swift; path = GroupView.swift; sourceTree = "<group>"; };
		CF1000000000000000000035 /* SensitiveContentAnalysis.framework */ = {isa = PBXFileReference; lastKnownFileType = wrapper.framework; name = SensitiveContentAnalysis.framework; path = System/Library/Frameworks/SensitiveContentAnalysis.framework; sourceTree = SDKROOT; };
		CF1000000000000000000037 /* SettingsView.swift */ = {isa = PBXFileReference; lastKnownFileType = sourcecode.swift; path = SettingsView.swift; sourceTree = "<group>"; };
		CF100000000000000000003A /* PanicView.swift */ = {isa = PBXFileReference; lastKnownFileType = sourcecode.swift; path = PanicView.swift; sourceTree = "<group>"; };
		CF100000000000000000003C /* AlertDetailView.swift */ = {isa = PBXFileReference; lastKnownFileType = sourcecode.swift; path = AlertDetailView.swift; sourceTree = "<group>"; };
		CF100000000000000000003E /* APIClient.swift */ = {isa = PBXFileReference; lastKnownFileType = sourcecode.swift; path = APIClient.swift; sourceTree = "<group>"; };
		CF100000000000000000003F /* AppState.swift */ = {isa = PBXFileReference; lastKnownFileType = sourcecode.swift; path = AppState.swift; sourceTree = "<group>"; };
		CF1000000000000000000041 /* NotificationService.swift */ = {isa = PBXFileReference; lastKnownFileType = sourcecode.swift; path = NotificationService.swift; sourceTree = "<group>"; };
		CF2000000000000000000010 /* KeychainHelper.swift */ = {isa = PBXFileReference; lastKnownFileType = sourcecode.swift; path = KeychainHelper.swift; sourceTree = "<group>"; };
		CF2000000000000000000012 /* AuthState.swift */ = {isa = PBXFileReference; lastKnownFileType = sourcecode.swift; path = AuthState.swift; sourceTree = "<group>"; };
		CF2000000000000000000014 /* LoginView.swift */ = {isa = PBXFileReference; lastKnownFileType = sourcecode.swift; path = LoginView.swift; sourceTree = "<group>"; };
		CF2000000000000000000030 /* EventProcessor.swift */ = {isa = PBXFileReference; lastKnownFileType = sourcecode.swift; path = EventProcessor.swift; sourceTree = "<group>"; };
		CF3000000000000000000001 /* DonationView.swift */ = {isa = PBXFileReference; lastKnownFileType = sourcecode.swift; path = DonationView.swift; sourceTree = "<group>"; };
		CF3000000000000000000003 /* SafariView.swift */ = {isa = PBXFileReference; lastKnownFileType = sourcecode.swift; path = SafariView.swift; sourceTree = "<group>"; };
		CF4000000000000000000001 /* Info.plist */ = {isa = PBXFileReference; lastKnownFileType = text.plist.xml; path = Info.plist; sourceTree = "<group>"; };
		CF5000000000000000000010 /* AuthStateTests.swift */ = {isa = PBXFileReference; lastKnownFileType = sourcecode.swift; path = AuthStateTests.swift; sourceTree = "<group>"; };
		CF5000000000000000000011 /* EventProcessorTests.swift */ = {isa = PBXFileReference; lastKnownFileType = sourcecode.swift; path = EventProcessorTests.swift; sourceTree = "<group>"; };
		CF5000000000000000000012 /* FallbackTextClassifierTests.swift */ = {isa = PBXFileReference; lastKnownFileType = sourcecode.swift; path = FallbackTextClassifierTests.swift; sourceTree = "<group>"; };
		CF5000000000000000000013 /* NotificationRoutingTests.swift */ = {isa = PBXFileReference; lastKnownFileType = sourcecode.swift; path = NotificationRoutingTests.swift; sourceTree = "<group>"; };
		CF5000000000000000000020 /* OnboardingUITests.swift */ = {isa = PBXFileReference; lastKnownFileType = sourcecode.swift; path = OnboardingUITests.swift; sourceTree = "<group>"; };
		CF5000000000000000000050 /* RemainFaithfulTests.xctest */ = {isa = PBXFileReference; explicitFileType = wrapper.cfbundle; includeInIndex = 0; path = RemainFaithfulTests.xctest; sourceTree = BUILT_PRODUCTS_DIR; };
		CF5000000000000000000060 /* RemainFaithfulUITests.xctest */ = {isa = PBXFileReference; explicitFileType = wrapper.cfbundle; includeInIndex = 0; path = RemainFaithfulUITests.xctest; sourceTree = BUILT_PRODUCTS_DIR; };
		DBBFB79EBC8DDF4F495AF80B /* ShieldConfigurationExtension.swift */ = {isa = PBXFileReference; includeInIndex = 1; lastKnownFileType = sourcecode.swift; path = ShieldConfigurationExtension.swift; sourceTree = "<group>"; };
		DED3765637B74844B7025274 /* UIKit.framework */ = {isa = PBXFileReference; lastKnownFileType = wrapper.framework; name = UIKit.framework; path = System/Library/Frameworks/UIKit.framework; sourceTree = SDKROOT; };
		DED744307DF9984BECD3B5EA /* RemainFaithfulDeviceActivity.entitlements */ = {isa = PBXFileReference; includeInIndex = 1; lastKnownFileType = text.plist.entitlements; path = RemainFaithfulDeviceActivity.entitlements; sourceTree = "<group>"; };
		E4AA42329718A13C17172E68 /* ShieldConfiguration.framework */ = {isa = PBXFileReference; lastKnownFileType = wrapper.framework; name = ShieldConfiguration.framework; path = System/Library/Frameworks/ShieldConfiguration.framework; sourceTree = SDKROOT; };
		E5EE199CFE102F01D9039E99 /* RemainFaithfulShieldConfig.appex */ = {isa = PBXFileReference; explicitFileType = "wrapper.app-extension"; includeInIndex = 0; lastKnownFileType = "wrapper.app-extension"; path = RemainFaithfulShieldConfig.appex; sourceTree = BUILT_PRODUCTS_DIR; };
		EA9CF2E3CCF78F4066943E08 /* ManagedSettings.framework */ = {isa = PBXFileReference; lastKnownFileType = wrapper.framework; name = ManagedSettings.framework; path = Platforms/iPhoneOS.platform/Developer/SDKs/iPhoneOS18.0.sdk/System/Library/Frameworks/ManagedSettings.framework; sourceTree = DEVELOPER_DIR; };
		EDDA5BD449512137C79CCCE2 /* PrivacyInfo.xcprivacy */ = {isa = PBXFileReference; includeInIndex = 1; path = PrivacyInfo.xcprivacy; sourceTree = "<group>"; };
		F6A655C8ECB765BDBE5CD24C /* RemainFaithfulShieldConfig.appex */ = {isa = PBXFileReference; explicitFileType = "wrapper.app-extension"; includeInIndex = 0; path = RemainFaithfulShieldConfig.appex; sourceTree = BUILT_PRODUCTS_DIR; };
/* End PBXFileReference section */

/* Begin PBXFrameworksBuildPhase section */
		3E4EADFAC00ED4211F3AF1D6 /* Frameworks */ = {
			isa = PBXFrameworksBuildPhase;
			buildActionMask = 2147483647;
			files = (
				A64B8771DC269E569F540247 /* Foundation.framework in Frameworks */,
			);
			runOnlyForDeploymentPostprocessing = 0;
		};
		88CBFA0B875BC651541871A3 /* Frameworks */ = {
			isa = PBXFrameworksBuildPhase;
			buildActionMask = 2147483647;
			files = (
				B9E3FBF755AC25C73096F8A5 /* ManagedSettings.framework in Frameworks */,
				DFC0FBC053BAE487D457D125 /* ManagedSettingsUI.framework in Frameworks */,
				2665C2D9BF6D50BC7D667208 /* UIKit.framework in Frameworks */,
			);
			runOnlyForDeploymentPostprocessing = 0;
		};
		CF1000000000000000000016 /* Frameworks */ = {
			isa = PBXFrameworksBuildPhase;
			buildActionMask = 2147483647;
			files = (
				CF2000000000000000000023 /* GoogleSignIn in Frameworks */,
			);
			runOnlyForDeploymentPostprocessing = 0;
		};
		CF1000000000000000000022 /* Frameworks */ = {
			isa = PBXFrameworksBuildPhase;
			buildActionMask = 2147483647;
			files = (
				CF1000000000000000000036 /* SensitiveContentAnalysis.framework in Frameworks */,
			);
			runOnlyForDeploymentPostprocessing = 0;
		};
/* End PBXFrameworksBuildPhase section */

/* Begin PBXGroup section */
		7A4F9E2F05AAC1283F30A60D /* RemainFaithfulShieldConfig */ = {
			isa = PBXGroup;
			children = (
				DBBFB79EBC8DDF4F495AF80B /* ShieldConfigurationExtension.swift */,
				5F794A6955CDF454D6EA4322 /* Info.plist */,
				88F737CD62838DCD85A5F50D /* RemainFaithfulShieldConfig.entitlements */,
				2CDFD98843615C529873A74F /* AppIcon-1024.png */,
				6BE1418C33B2462B16F63B5A /* PrivacyInfo.xcprivacy */,
			);
			name = RemainFaithfulShieldConfig;
			path = RemainFaithfulShieldConfig;
			sourceTree = "<group>";
		};
		8AD013D8FC5B8AFFC531AD8E /* RemainFaithfulDeviceActivity */ = {
			isa = PBXGroup;
			children = (
				3D2CBE57E1E412B8583786C0 /* DeviceActivityMonitorExtension.swift */,
				32BAB7718C4E46EE355F0F39 /* Info.plist */,
				DED744307DF9984BECD3B5EA /* RemainFaithfulDeviceActivity.entitlements */,
				1EA28F59B5D27D9AABFBD64F /* PrivacyInfo.xcprivacy */,
			);
			name = RemainFaithfulDeviceActivity;
			path = RemainFaithfulDeviceActivity;
			sourceTree = SOURCE_ROOT;
		};
		984C3679981C78BB4D533B4A /* Frameworks */ = {
			isa = PBXGroup;
			children = (
				F06171CD1099A845DDBB234D /* iOS */,
				E4AA42329718A13C17172E68 /* ShieldConfiguration.framework */,
				38C8BA6B71076BB00F097166 /* ManagedSettings.framework */,
				DED3765637B74844B7025274 /* UIKit.framework */,
			);
			name = Frameworks;
			sourceTree = "<group>";
		};
		CF1000000000000000000007 = {
			isa = PBXGroup;
			children = (
				CF1000000000000000000017 /* RemainFaithful */,
				CF100000000000000000001A /* RemainFaithfulBroadcast */,
				CF5000000000000000000001 /* RemainFaithfulTests */,
				CF5000000000000000000002 /* RemainFaithfulUITests */,
				CF1000000000000000000008 /* Products */,
				984C3679981C78BB4D533B4A /* Frameworks */,
				8AD013D8FC5B8AFFC531AD8E /* RemainFaithfulDeviceActivity */,
				7A4F9E2F05AAC1283F30A60D /* RemainFaithfulShieldConfig */,
			);
			sourceTree = "<group>";
		};
		CF1000000000000000000008 /* Products */ = {
			isa = PBXGroup;
			children = (
				CF100000000000000000000F /* RemainFaithful.app */,
				CF1000000000000000000019 /* RemainFaithfulBroadcast.appex */,
				CF5000000000000000000050 /* RemainFaithfulTests.xctest */,
				CF5000000000000000000060 /* RemainFaithfulUITests.xctest */,
				062B769C6E838506C4886555 /* RemainFaithfulDeviceActivity.appex */,
				F6A655C8ECB765BDBE5CD24C /* RemainFaithfulShieldConfig.appex */,
				E5EE199CFE102F01D9039E99 /* RemainFaithfulShieldConfig.appex */,
			);
			name = Products;
			sourceTree = "<group>";
		};
		CF1000000000000000000017 /* RemainFaithful */ = {
			isa = PBXGroup;
			children = (
				CF100000000000000000000B /* RemainFaithfulApp.swift */,
				CF100000000000000000000C /* ContentView.swift */,
				CF100000000000000000002F /* OnboardingView.swift */,
				CF2000000000000000000014 /* LoginView.swift */,
				CF1000000000000000000031 /* DashboardView.swift */,
				CF3000000000000000000001 /* DonationView.swift */,
				CF3000000000000000000003 /* SafariView.swift */,
				CF1000000000000000000033 /* GroupView.swift */,
				CF1000000000000000000037 /* SettingsView.swift */,
				CF100000000000000000003A /* PanicView.swift */,
				CF100000000000000000003C /* AlertDetailView.swift */,
				CF100000000000000000003E /* APIClient.swift */,
				CF100000000000000000003F /* AppState.swift */,
				CF2000000000000000000012 /* AuthState.swift */,
				CF2000000000000000000010 /* KeychainHelper.swift */,
				CF2000000000000000000030 /* EventProcessor.swift */,
				CF1000000000000000000041 /* NotificationService.swift */,
				CF100000000000000000000D /* Assets.xcassets */,
				CF100000000000000000001D /* RemainFaithful.entitlements */,
				CF4000000000000000000001 /* Info.plist */,
				CF1000000000000000000018 /* Preview Content */,
				8E4CAD23CFD4AD96CC364AE3 /* FamilyControlsManager.swift */,
				4D5E7BC25A552140467191F7 /* ActivitySelectionManager.swift */,
				AB100000000000000000001A /* AppLockoutManager.swift */,
				AB100000000000000000002A /* PartnerPINManager.swift */,
				AB100000000000000000003A /* PINEntryView.swift */,
				80CB81AE9CD4B3BF2B70DA65 /* ScreenTimeMonitoringView.swift */,
				EDDA5BD449512137C79CCCE2 /* PrivacyInfo.xcprivacy */,
			);
			path = RemainFaithful;
			sourceTree = "<group>";
		};
		CF1000000000000000000018 /* Preview Content */ = {
			isa = PBXGroup;
			children = (
				CF100000000000000000000E /* Preview Assets.xcassets */,
			);
			path = "Preview Content";
			sourceTree = "<group>";
		};
		CF100000000000000000001A /* RemainFaithfulBroadcast */ = {
			isa = PBXGroup;
			children = (
				CF100000000000000000001B /* SampleHandler.swift */,
				CF100000000000000000001C /* Info.plist */,
				CF100000000000000000001E /* RemainFaithfulBroadcast.entitlements */,
				9D59EBDC38D57F89A7BE3696 /* PrivacyInfo.xcprivacy */,
			);
			path = RemainFaithfulBroadcast;
			sourceTree = "<group>";
		};
		CF5000000000000000000001 /* RemainFaithfulTests */ = {
			isa = PBXGroup;
			children = (
				CF5000000000000000000010 /* AuthStateTests.swift */,
				CF5000000000000000000011 /* EventProcessorTests.swift */,
				CF5000000000000000000012 /* FallbackTextClassifierTests.swift */,
				CF5000000000000000000013 /* NotificationRoutingTests.swift */,
			);
			path = RemainFaithfulTests;
			sourceTree = "<group>";
		};
		CF5000000000000000000002 /* RemainFaithfulUITests */ = {
			isa = PBXGroup;
			children = (
				CF5000000000000000000020 /* OnboardingUITests.swift */,
			);
			path = RemainFaithfulUITests;
			sourceTree = "<group>";
		};
		F06171CD1099A845DDBB234D /* iOS */ = {
			isa = PBXGroup;
			children = (
				490E0FB6D3B8EE0DA6C4922D /* Foundation.framework */,
				8A8CF741CEB65744CAA53BCF /* ShieldConfiguration.framework */,
				EA9CF2E3CCF78F4066943E08 /* ManagedSettings.framework */,
				53205080DD5CB66E93B07EAD /* UIKit.framework */,
				1449106D2018917FAF7D08EE /* ManagedSettingsUI.framework */,
			);
			name = iOS;
			sourceTree = "<group>";
		};
/* End PBXGroup section */

/* Begin PBXNativeTarget section */
		79AC8D8C1087C0A223C54B67 /* RemainFaithfulShieldConfig */ = {
			isa = PBXNativeTarget;
			buildConfigurationList = 96F769D8A5D79234235546C6 /* Build configuration list for PBXNativeTarget "RemainFaithfulShieldConfig" */;
			buildPhases = (
				41864BA568D6A0C41B17C097 /* Sources */,
				88CBFA0B875BC651541871A3 /* Frameworks */,
				8CB3B0FD7E1E095C0F5F736F /* Resources */,
			);
			buildRules = (
			);
			dependencies = (
			);
			name = RemainFaithfulShieldConfig;
			productName = RemainFaithfulShieldConfig;
			productReference = F6A655C8ECB765BDBE5CD24C /* RemainFaithfulShieldConfig.appex */;
			productType = "com.apple.product-type.app-extension";
		};
		C25024C7EBA6191BE43312B4 /* RemainFaithfulDeviceActivity */ = {
			isa = PBXNativeTarget;
			buildConfigurationList = 14C193CBBD7DDFA7989E24E3 /* Build configuration list for PBXNativeTarget "RemainFaithfulDeviceActivity" */;
			buildPhases = (
				8245D93002C041DD13331E13 /* Sources */,
				3E4EADFAC00ED4211F3AF1D6 /* Frameworks */,
				5B2C3BC738E3C44DA525EAC8 /* Resources */,
			);
			buildRules = (
			);
			dependencies = (
			);
			name = RemainFaithfulDeviceActivity;
			productName = RemainFaithfulDeviceActivity;
			productReference = 062B769C6E838506C4886555 /* RemainFaithfulDeviceActivity.appex */;
			productType = "com.apple.product-type.app-extension";
		};
		CF100000000000000000000A /* RemainFaithful */ = {
			isa = PBXNativeTarget;
			buildConfigurationList = CF1000000000000000000002 /* Build configuration list for PBXNativeTarget "RemainFaithful" */;
			buildPhases = (
				CF1000000000000000000014 /* Sources */,
				CF1000000000000000000015 /* Resources */,
				CF1000000000000000000016 /* Frameworks */,
				CF1000000000000000000027 /* Embed Foundation Extensions */,
			);
			buildRules = (
			);
			dependencies = (
				CF1000000000000000000029 /* PBXTargetDependency */,
				C015F24860D6CCCB02B71522 /* PBXTargetDependency */,
				13B607C752CEB682198F02DE /* PBXTargetDependency */,
			);
			name = RemainFaithful;
			packageProductDependencies = (
				CF2000000000000000000022 /* GoogleSignIn */,
			);
			productName = RemainFaithful;
			productReference = CF100000000000000000000F /* RemainFaithful.app */;
			productType = "com.apple.product-type.application";
		};
		CF1000000000000000000023 /* RemainFaithfulBroadcast */ = {
			isa = PBXNativeTarget;
			buildConfigurationList = CF1000000000000000000024 /* Build configuration list for PBXNativeTarget "RemainFaithfulBroadcast" */;
			buildPhases = (
				CF1000000000000000000020 /* Sources */,
				CF1000000000000000000021 /* Resources */,
				CF1000000000000000000022 /* Frameworks */,
			);
			buildRules = (
			);
			dependencies = (
			);
			name = RemainFaithfulBroadcast;
			productName = RemainFaithfulBroadcast;
			productReference = CF1000000000000000000019 /* RemainFaithfulBroadcast.appex */;
			productType = "com.apple.product-type.app-extension";
		};
		CF5000000000000000000051 /* RemainFaithfulTests */ = {
			isa = PBXNativeTarget;
			buildConfigurationList = CF5000000000000000000054 /* Build configuration list for PBXNativeTarget "RemainFaithfulTests" */;
			buildPhases = (
				CF5000000000000000000052 /* Sources */,
				CF5000000000000000000053 /* Resources */,
			);
			buildRules = (
			);
			dependencies = (
				CF5000000000000000000072 /* PBXTargetDependency */,
			);
			name = RemainFaithfulTests;
			productName = RemainFaithfulTests;
			productReference = CF5000000000000000000050 /* RemainFaithfulTests.xctest */;
			productType = "com.apple.product-type.bundle.unit-test";
		};
		CF5000000000000000000061 /* RemainFaithfulUITests */ = {
			isa = PBXNativeTarget;
			buildConfigurationList = CF5000000000000000000064 /* Build configuration list for PBXNativeTarget "RemainFaithfulUITests" */;
			buildPhases = (
				CF5000000000000000000062 /* Sources */,
				CF5000000000000000000063 /* Resources */,
			);
			buildRules = (
			);
			dependencies = (
				CF5000000000000000000073 /* PBXTargetDependency */,
			);
			name = RemainFaithfulUITests;
			productName = RemainFaithfulUITests;
			productReference = CF5000000000000000000060 /* RemainFaithfulUITests.xctest */;
			productType = "com.apple.product-type.bundle.ui-testing";
		};
/* End PBXNativeTarget section */

/* Begin PBXProject section */
		CF1000000000000000000009 /* Project object */ = {
			isa = PBXProject;
			attributes = {
				BuildIndependentTargetsInParallel = 1;
				LastSwiftUpdateCheck = 1500;
				LastUpgradeCheck = 1500;
				TargetAttributes = {
					CF100000000000000000000A = {
						CreatedOnToolsVersion = 15.0;
					};
					CF1000000000000000000023 = {
						CreatedOnToolsVersion = 15.0;
					};
				};
			};
			buildConfigurationList = CF1000000000000000000001 /* Build configuration list for PBXProject "RemainFaithful" */;
			compatibilityVersion = "Xcode 14.0";
			developmentRegion = en;
			hasScannedForEncodings = 0;
			knownRegions = (
				en,
				Base,
			);
			mainGroup = CF1000000000000000000007;
			packageReferences = (
				CF2000000000000000000020 /* XCRemoteSwiftPackageReference "GoogleSignIn-iOS" */,
			);
			productRefGroup = CF1000000000000000000008 /* Products */;
			projectDirPath = "";
			projectRoot = "";
			targets = (
				CF100000000000000000000A /* RemainFaithful */,
				CF1000000000000000000023 /* RemainFaithfulBroadcast */,
				CF5000000000000000000051 /* RemainFaithfulTests */,
				CF5000000000000000000061 /* RemainFaithfulUITests */,
				C25024C7EBA6191BE43312B4 /* RemainFaithfulDeviceActivity */,
				79AC8D8C1087C0A223C54B67 /* RemainFaithfulShieldConfig */,
			);
		};
/* End PBXProject section */

/* Begin PBXResourcesBuildPhase section */
		5B2C3BC738E3C44DA525EAC8 /* Resources */ = {
			isa = PBXResourcesBuildPhase;
			buildActionMask = 2147483647;
			files = (
				534D9731F84FDAD9FB698DCD /* PrivacyInfo.xcprivacy in Resources */,
			);
			runOnlyForDeploymentPostprocessing = 0;
		};
		8CB3B0FD7E1E095C0F5F736F /* Resources */ = {
			isa = PBXResourcesBuildPhase;
			buildActionMask = 2147483647;
			files = (
				ADAEDC95E7DD3992B9F68BA6 /* AppIcon-1024.png in Resources */,
				7B43EB9F1413A9A877F5328D /* PrivacyInfo.xcprivacy in Resources */,
			);
			runOnlyForDeploymentPostprocessing = 0;
		};
		CF1000000000000000000015 /* Resources */ = {
			isa = PBXResourcesBuildPhase;
			buildActionMask = 2147483647;
			files = (
				CF1000000000000000000013 /* Preview Assets.xcassets in Resources */,
				CF1000000000000000000012 /* Assets.xcassets in Resources */,
				768AAE90E9757B328F1ADFEA /* PrivacyInfo.xcprivacy in Resources */,
			);
			runOnlyForDeploymentPostprocessing = 0;
		};
		CF1000000000000000000021 /* Resources */ = {
			isa = PBXResourcesBuildPhase;
			buildActionMask = 2147483647;
			files = (
				5E1899B507B078B91C892FA9 /* PrivacyInfo.xcprivacy in Resources */,
			);
			runOnlyForDeploymentPostprocessing = 0;
		};
		CF5000000000000000000053 /* Resources */ = {
			isa = PBXResourcesBuildPhase;
			buildActionMask = 2147483647;
			files = (
			);
			runOnlyForDeploymentPostprocessing = 0;
		};
		CF5000000000000000000063 /* Resources */ = {
			isa = PBXResourcesBuildPhase;
			buildActionMask = 2147483647;
			files = (
			);
			runOnlyForDeploymentPostprocessing = 0;
		};
/* End PBXResourcesBuildPhase section */

/* Begin PBXSourcesBuildPhase section */
		41864BA568D6A0C41B17C097 /* Sources */ = {
			isa = PBXSourcesBuildPhase;
			buildActionMask = 2147483647;
			files = (
				650ED6E8E1562A9E6F7B8DFD /* ShieldConfigurationExtension.swift in Sources */,
			);
			runOnlyForDeploymentPostprocessing = 0;
		};
		8245D93002C041DD13331E13 /* Sources */ = {
			isa = PBXSourcesBuildPhase;
			buildActionMask = 2147483647;
			files = (
				CE769AD83ECF543F758EDAE1 /* DeviceActivityMonitorExtension.swift in Sources */,
			);
			runOnlyForDeploymentPostprocessing = 0;
		};
		CF1000000000000000000014 /* Sources */ = {
			isa = PBXSourcesBuildPhase;
			buildActionMask = 2147483647;
			files = (
				CF1000000000000000000011 /* ContentView.swift in Sources */,
				CF1000000000000000000010 /* RemainFaithfulApp.swift in Sources */,
				CF1000000000000000000030 /* OnboardingView.swift in Sources */,
				CF1000000000000000000032 /* DashboardView.swift in Sources */,
				CF1000000000000000000034 /* GroupView.swift in Sources */,
				CF1000000000000000000038 /* SettingsView.swift in Sources */,
				CF1000000000000000000039 /* PanicView.swift in Sources */,
				CF100000000000000000003B /* AlertDetailView.swift in Sources */,
				CF100000000000000000003D /* APIClient.swift in Sources */,
				CF1000000000000000000040 /* AppState.swift in Sources */,
				CF1000000000000000000042 /* NotificationService.swift in Sources */,
				CF2000000000000000000011 /* KeychainHelper.swift in Sources */,
				CF2000000000000000000013 /* AuthState.swift in Sources */,
				CF2000000000000000000015 /* LoginView.swift in Sources */,
				CF2000000000000000000031 /* EventProcessor.swift in Sources */,
				CF3000000000000000000002 /* DonationView.swift in Sources */,
				CF3000000000000000000004 /* SafariView.swift in Sources */,
				239AB3000C53658EEC810727 /* FamilyControlsManager.swift in Sources */,
				369BCD23691CBB84AD8E1C63 /* ActivitySelectionManager.swift in Sources */,
				AB100000000000000000001B /* AppLockoutManager.swift in Sources */,
				AB100000000000000000002B /* PartnerPINManager.swift in Sources */,
				AB100000000000000000003B /* PINEntryView.swift in Sources */,
				B9FBE0AAE00A1EEF84DD985F /* ScreenTimeMonitoringView.swift in Sources */,
			);
			runOnlyForDeploymentPostprocessing = 0;
		};
		CF1000000000000000000020 /* Sources */ = {
			isa = PBXSourcesBuildPhase;
			buildActionMask = 2147483647;
			files = (
				CF100000000000000000001F /* SampleHandler.swift in Sources */,
			);
			runOnlyForDeploymentPostprocessing = 0;
		};
		CF5000000000000000000052 /* Sources */ = {
			isa = PBXSourcesBuildPhase;
			buildActionMask = 2147483647;
			files = (
				CF5000000000000000000030 /* AuthStateTests.swift in Sources */,
				CF5000000000000000000031 /* EventProcessorTests.swift in Sources */,
				CF5000000000000000000032 /* FallbackTextClassifierTests.swift in Sources */,
				CF5000000000000000000033 /* NotificationRoutingTests.swift in Sources */,
			);
			runOnlyForDeploymentPostprocessing = 0;
		};
		CF5000000000000000000062 /* Sources */ = {
			isa = PBXSourcesBuildPhase;
			buildActionMask = 2147483647;
			files = (
				CF5000000000000000000040 /* OnboardingUITests.swift in Sources */,
			);
			runOnlyForDeploymentPostprocessing = 0;
		};
/* End PBXSourcesBuildPhase section */

/* Begin PBXTargetDependency section */
		13B607C752CEB682198F02DE /* PBXTargetDependency */ = {
			isa = PBXTargetDependency;
			target = 79AC8D8C1087C0A223C54B67 /* RemainFaithfulShieldConfig */;
			targetProxy = 7150E91E7155C236154AB813 /* PBXContainerItemProxy */;
		};
		C015F24860D6CCCB02B71522 /* PBXTargetDependency */ = {
			isa = PBXTargetDependency;
			name = RemainFaithfulDeviceActivity;
			target = C25024C7EBA6191BE43312B4 /* RemainFaithfulDeviceActivity */;
			targetProxy = CF1454429B9464075FDC4AA6 /* PBXContainerItemProxy */;
		};
		CF1000000000000000000029 /* PBXTargetDependency */ = {
			isa = PBXTargetDependency;
			target = CF1000000000000000000023 /* RemainFaithfulBroadcast */;
			targetProxy = CF100000000000000000002A /* PBXContainerItemProxy */;
		};
		CF5000000000000000000072 /* PBXTargetDependency */ = {
			isa = PBXTargetDependency;
			target = CF100000000000000000000A /* RemainFaithful */;
			targetProxy = CF5000000000000000000070 /* PBXContainerItemProxy */;
		};
		CF5000000000000000000073 /* PBXTargetDependency */ = {
			isa = PBXTargetDependency;
			target = CF100000000000000000000A /* RemainFaithful */;
			targetProxy = CF5000000000000000000071 /* PBXContainerItemProxy */;
		};
/* End PBXTargetDependency section */

/* Begin XCBuildConfiguration section */
		04122C5355F9D10DDAAB501A /* Debug */ = {
			isa = XCBuildConfiguration;
			buildSettings = {
				CLANG_ENABLE_OBJC_WEAK = NO;
				CODE_SIGN_ENTITLEMENTS = RemainFaithfulShieldConfig/RemainFaithfulShieldConfig.entitlements;
				CODE_SIGN_STYLE = Automatic;
				CURRENT_PROJECT_VERSION = 1;
				DEVELOPMENT_TEAM = 8NXBLJBMQ6;
				INFOPLIST_FILE = RemainFaithfulShieldConfig/Info.plist;
				IPHONEOS_DEPLOYMENT_TARGET = 17.0;
				MARKETING_VERSION = 1.0;
				PRODUCT_BUNDLE_IDENTIFIER = com.remainfaithful.app.ShieldConfig;
				PRODUCT_NAME = RemainFaithfulShieldConfig;
				SDKROOT = iphoneos;
				SKIP_INSTALL = YES;
				SWIFT_VERSION = 5.0;
				TARGETED_DEVICE_FAMILY = "1,2";
				WRAPPER_EXTENSION = appex;
			};
			name = Debug;
		};
		44D7AE31AE5C978141C1D060 /* Release */ = {
			isa = XCBuildConfiguration;
			buildSettings = {
				CLANG_ENABLE_OBJC_WEAK = NO;
				CODE_SIGN_ENTITLEMENTS = RemainFaithfulDeviceActivity/RemainFaithfulDeviceActivity.entitlements;
				CODE_SIGN_STYLE = Automatic;
				CURRENT_PROJECT_VERSION = 1;
				DEVELOPMENT_TEAM = 8NXBLJBMQ6;
				ENABLE_USER_SCRIPT_SANDBOXING = NO;
				INFOPLIST_FILE = RemainFaithfulDeviceActivity/Info.plist;
				IPHONEOS_DEPLOYMENT_TARGET = 17.0;
				LD_RUNPATH_SEARCH_PATHS = (
					"$(inherited)",
					"@executable_path/Frameworks",
					"@executable_path/../../Frameworks",
				);
				MARKETING_VERSION = 1.0;
				PRODUCT_BUNDLE_IDENTIFIER = com.remainfaithful.app.DeviceActivityMonitor;
				PRODUCT_NAME = RemainFaithfulDeviceActivity;
				SDKROOT = iphoneos;
				SKIP_INSTALL = YES;
				SWIFT_VERSION = 5.0;
				TARGETED_DEVICE_FAMILY = "1,2";
				VALIDATE_PRODUCT = YES;
				WRAPPER_EXTENSION = appex;
			};
			name = Release;
		};
		778F5EEEDBCCB86E1C36AA9A /* Release */ = {
			isa = XCBuildConfiguration;
			buildSettings = {
				CLANG_ENABLE_OBJC_WEAK = NO;
				CODE_SIGN_ENTITLEMENTS = RemainFaithfulShieldConfig/RemainFaithfulShieldConfig.entitlements;
				CODE_SIGN_STYLE = Automatic;
				CURRENT_PROJECT_VERSION = 1;
				DEVELOPMENT_TEAM = 8NXBLJBMQ6;
				INFOPLIST_FILE = RemainFaithfulShieldConfig/Info.plist;
				IPHONEOS_DEPLOYMENT_TARGET = 17.0;
				MARKETING_VERSION = 1.0;
				PRODUCT_BUNDLE_IDENTIFIER = com.remainfaithful.app.ShieldConfig;
				PRODUCT_NAME = RemainFaithfulShieldConfig;
				SDKROOT = iphoneos;
				SKIP_INSTALL = YES;
				SWIFT_VERSION = 5.0;
				TARGETED_DEVICE_FAMILY = "1,2";
				VALIDATE_PRODUCT = YES;
				WRAPPER_EXTENSION = appex;
			};
			name = Release;
		};
		A20E4080A486FBE273CB7179 /* Debug */ = {
			isa = XCBuildConfiguration;
			buildSettings = {
				CLANG_ENABLE_OBJC_WEAK = NO;
				CODE_SIGN_ENTITLEMENTS = RemainFaithfulDeviceActivity/RemainFaithfulDeviceActivity.entitlements;
				CODE_SIGN_STYLE = Automatic;
				CURRENT_PROJECT_VERSION = 1;
				DEVELOPMENT_TEAM = 8NXBLJBMQ6;
				ENABLE_USER_SCRIPT_SANDBOXING = NO;
				INFOPLIST_FILE = RemainFaithfulDeviceActivity/Info.plist;
				IPHONEOS_DEPLOYMENT_TARGET = 17.0;
				LD_RUNPATH_SEARCH_PATHS = (
					"$(inherited)",
					"@executable_path/Frameworks",
					"@executable_path/../../Frameworks",
				);
				MARKETING_VERSION = 1.0;
				PRODUCT_BUNDLE_IDENTIFIER = com.remainfaithful.app.DeviceActivityMonitor;
				PRODUCT_NAME = RemainFaithfulDeviceActivity;
				SDKROOT = iphoneos;
				SKIP_INSTALL = YES;
				SWIFT_VERSION = 5.0;
				TARGETED_DEVICE_FAMILY = "1,2";
				WRAPPER_EXTENSION = appex;
			};
			name = Debug;
		};
		CF1000000000000000000003 /* Debug */ = {
			isa = XCBuildConfiguration;
			buildSettings = {
				ALWAYS_SEARCH_USER_PATHS = NO;
				ASSETCATALOG_COMPILER_GENERATE_SWIFT_ASSET_SYMBOL_EXTENSIONS = YES;
				CLANG_ANALYZER_NONNULL = YES;
				CLANG_ANALYZER_NUMBER_OBJECT_CONVERSION = YES_AGGRESSIVE;
				CLANG_CXX_LANGUAGE_STANDARD = "gnu++20";
				CLANG_ENABLE_MODULES = YES;
				CLANG_ENABLE_OBJC_ARC = YES;
				CLANG_ENABLE_OBJC_WEAK = YES;
				CLANG_WARN_BLOCK_CAPTURE_AUTORELEASING = YES;
				CLANG_WARN_BOOL_CONVERSION = YES;
				CLANG_WARN_COMMA = YES;
				CLANG_WARN_CONSTANT_CONVERSION = YES;
				CLANG_WARN_DEPRECATED_OBJC_IMPLEMENTATIONS = YES;
				CLANG_WARN_DIRECT_OBJC_ISA_USAGE = YES_ERROR;
				CLANG_WARN_DOCUMENTATION_COMMENTS = YES;
				CLANG_WARN_EMPTY_BODY = YES;
				CLANG_WARN_ENUM_CONVERSION = YES;
				CLANG_WARN_INFINITE_RECURSION = YES;
				CLANG_WARN_INT_CONVERSION = YES;
				CLANG_WARN_NON_LITERAL_NULL_CONVERSION = YES;
				CLANG_WARN_OBJC_IMPLICIT_RETAIN_SELF = YES;
				CLANG_WARN_OBJC_LITERAL_CONVERSION = YES;
				CLANG_WARN_OBJC_ROOT_CLASS = YES_ERROR;
				CLANG_WARN_QUOTED_INCLUDE_IN_FRAMEWORK_HEADER = YES;
				CLANG_WARN_RANGE_LOOP_ANALYSIS = YES;
				CLANG_WARN_STRICT_PROTOTYPES = YES;
				CLANG_WARN_SUSPICIOUS_MOVE = YES;
				CLANG_WARN_UNGUARDED_AVAILABILITY = YES_AGGRESSIVE;
				CLANG_WARN_UNREACHABLE_CODE = YES;
				CLANG_WARN__DUPLICATE_METHOD_MATCH = YES;
				COPY_PHASE_STRIP = NO;
				DEBUG_INFORMATION_FORMAT = dwarf;
				ENABLE_STRICT_OBJC_MSGSEND = YES;
				ENABLE_TESTABILITY = YES;
				ENABLE_USER_SCRIPT_SANDBOXING = YES;
				GCC_C_LANGUAGE_STANDARD = gnu17;
				GCC_DYNAMIC_NO_PIC = NO;
				GCC_NO_COMMON_BLOCKS = YES;
				GCC_OPTIMIZATION_LEVEL = 0;
				GCC_PREPROCESSOR_DEFINITIONS = (
					"DEBUG=1",
					"$(inherited)",
				);
				GCC_WARN_64_TO_32_BIT_CONVERSION = YES;
				GCC_WARN_ABOUT_RETURN_TYPE = YES_ERROR;
				GCC_WARN_UNDECLARED_SELECTOR = YES;
				GCC_WARN_UNINITIALIZED_AUTOS = YES_AGGRESSIVE;
				GCC_WARN_UNUSED_FUNCTION = YES;
				GCC_WARN_UNUSED_VARIABLE = YES;
				IPHONEOS_DEPLOYMENT_TARGET = 17.0;
				MTL_ENABLE_DEBUG_INFO = INCLUDE_SOURCE;
				MTL_FAST_MATH = YES;
				ONLY_ACTIVE_ARCH = YES;
				SDKROOT = iphoneos;
				SWIFT_ACTIVE_COMPILATION_CONDITIONS = "DEBUG $(inherited)";
				SWIFT_OPTIMIZATION_LEVEL = "-Onone";
			};
			name = Debug;
		};
		CF1000000000000000000004 /* Release */ = {
			isa = XCBuildConfiguration;
			buildSettings = {
				ALWAYS_SEARCH_USER_PATHS = NO;
				ASSETCATALOG_COMPILER_GENERATE_SWIFT_ASSET_SYMBOL_EXTENSIONS = YES;
				CLANG_ANALYZER_NONNULL = YES;
				CLANG_ANALYZER_NUMBER_OBJECT_CONVERSION = YES_AGGRESSIVE;
				CLANG_CXX_LANGUAGE_STANDARD = "gnu++20";
				CLANG_ENABLE_MODULES = YES;
				CLANG_ENABLE_OBJC_ARC = YES;
				CLANG_ENABLE_OBJC_WEAK = YES;
				CLANG_WARN_BLOCK_CAPTURE_AUTORELEASING = YES;
				CLANG_WARN_BOOL_CONVERSION = YES;
				CLANG_WARN_COMMA = YES;
				CLANG_WARN_CONSTANT_CONVERSION = YES;
				CLANG_WARN_DEPRECATED_OBJC_IMPLEMENTATIONS = YES;
				CLANG_WARN_DIRECT_OBJC_ISA_USAGE = YES_ERROR;
				CLANG_WARN_DOCUMENTATION_COMMENTS = YES;
				CLANG_WARN_EMPTY_BODY = YES;
				CLANG_WARN_ENUM_CONVERSION = YES;
				CLANG_WARN_INFINITE_RECURSION = YES;
				CLANG_WARN_INT_CONVERSION = YES;
				CLANG_WARN_NON_LITERAL_NULL_CONVERSION = YES;
				CLANG_WARN_OBJC_IMPLICIT_RETAIN_SELF = YES;
				CLANG_WARN_OBJC_LITERAL_CONVERSION = YES;
				CLANG_WARN_OBJC_ROOT_CLASS = YES_ERROR;
				CLANG_WARN_QUOTED_INCLUDE_IN_FRAMEWORK_HEADER = YES;
				CLANG_WARN_RANGE_LOOP_ANALYSIS = YES;
				CLANG_WARN_STRICT_PROTOTYPES = YES;
				CLANG_WARN_SUSPICIOUS_MOVE = YES;
				CLANG_WARN_UNGUARDED_AVAILABILITY = YES_AGGRESSIVE;
				CLANG_WARN_UNREACHABLE_CODE = YES;
				CLANG_WARN__DUPLICATE_METHOD_MATCH = YES;
				COPY_PHASE_STRIP = NO;
				DEBUG_INFORMATION_FORMAT = "dwarf-with-dsym";
				ENABLE_NS_ASSERTIONS = NO;
				ENABLE_STRICT_OBJC_MSGSEND = YES;
				ENABLE_USER_SCRIPT_SANDBOXING = YES;
				GCC_C_LANGUAGE_STANDARD = gnu17;
				GCC_NO_COMMON_BLOCKS = YES;
				GCC_WARN_64_TO_32_BIT_CONVERSION = YES;
				GCC_WARN_ABOUT_RETURN_TYPE = YES_ERROR;
				GCC_WARN_UNDECLARED_SELECTOR = YES;
				GCC_WARN_UNINITIALIZED_AUTOS = YES_AGGRESSIVE;
				GCC_WARN_UNUSED_FUNCTION = YES;
				GCC_WARN_UNUSED_VARIABLE = YES;
				IPHONEOS_DEPLOYMENT_TARGET = 17.0;
				MTL_FAST_MATH = YES;
				SDKROOT = iphoneos;
				SWIFT_COMPILATION_MODE = wholemodule;
				VALIDATE_PRODUCT = YES;
			};
			name = Release;
		};
		CF1000000000000000000005 /* Debug */ = {
			isa = XCBuildConfiguration;
			buildSettings = {
				ASSETCATALOG_COMPILER_APPICON_NAME = AppIcon;
				ASSETCATALOG_COMPILER_GLOBAL_ACCENT_COLOR_NAME = AccentColor;
				CODE_SIGN_ENTITLEMENTS = RemainFaithful/RemainFaithful.entitlements;
				CODE_SIGN_STYLE = Automatic;
				CURRENT_PROJECT_VERSION = 1;
				DEVELOPMENT_TEAM = 8NXBLJBMQ6;
				ENABLE_USER_SCRIPT_SANDBOXING = NO;
				INFOPLIST_FILE = RemainFaithful/Info.plist;
				IPHONEOS_DEPLOYMENT_TARGET = 17.0;
				LD_RUNPATH_SEARCH_PATHS = (
					"$(inherited)",
					"@executable_path/Frameworks",
				);
				MARKETING_VERSION = 1.0;
				PRODUCT_BUNDLE_IDENTIFIER = com.remainfaithful.app;
				PRODUCT_NAME = "$(TARGET_NAME)";
				SWIFT_EMIT_LOC_STRINGS = YES;
				SWIFT_VERSION = 5.0;
				TARGETED_DEVICE_FAMILY = "1,2";
			};
			name = Debug;
		};
		CF1000000000000000000006 /* Release */ = {
			isa = XCBuildConfiguration;
			buildSettings = {
				ASSETCATALOG_COMPILER_APPICON_NAME = AppIcon;
				ASSETCATALOG_COMPILER_GLOBAL_ACCENT_COLOR_NAME = AccentColor;
				CODE_SIGN_ENTITLEMENTS = RemainFaithful/RemainFaithful.entitlements;
				CODE_SIGN_STYLE = Automatic;
				CURRENT_PROJECT_VERSION = 1;
				DEVELOPMENT_TEAM = 8NXBLJBMQ6;
				ENABLE_USER_SCRIPT_SANDBOXING = NO;
				INFOPLIST_FILE = RemainFaithful/Info.plist;
				IPHONEOS_DEPLOYMENT_TARGET = 17.0;
				LD_RUNPATH_SEARCH_PATHS = (
					"$(inherited)",
					"@executable_path/Frameworks",
				);
				MARKETING_VERSION = 1.0;
				PRODUCT_BUNDLE_IDENTIFIER = com.remainfaithful.app;
				PRODUCT_NAME = "$(TARGET_NAME)";
				SWIFT_EMIT_LOC_STRINGS = YES;
				SWIFT_VERSION = 5.0;
				TARGETED_DEVICE_FAMILY = "1,2";
			};
			name = Release;
		};
		CF1000000000000000000025 /* Debug */ = {
			isa = XCBuildConfiguration;
			buildSettings = {
				CODE_SIGN_ENTITLEMENTS = RemainFaithfulBroadcast/RemainFaithfulBroadcast.entitlements;
				CODE_SIGN_STYLE = Automatic;
				CURRENT_PROJECT_VERSION = 1;
				DEVELOPMENT_TEAM = 8NXBLJBMQ6;
				INFOPLIST_FILE = RemainFaithfulBroadcast/Info.plist;
				IPHONEOS_DEPLOYMENT_TARGET = 17.0;
				LD_RUNPATH_SEARCH_PATHS = (
					"$(inherited)",
					"@executable_path/Frameworks",
					"@executable_path/../../Frameworks",
				);
				MARKETING_VERSION = 1.0;
				PRODUCT_BUNDLE_IDENTIFIER = com.remainfaithful.app.broadcast;
				PRODUCT_NAME = "$(TARGET_NAME)";
				SKIP_INSTALL = YES;
				SWIFT_VERSION = 5.0;
				TARGETED_DEVICE_FAMILY = "1,2";
			};
			name = Debug;
		};
		CF1000000000000000000026 /* Release */ = {
			isa = XCBuildConfiguration;
			buildSettings = {
				CODE_SIGN_ENTITLEMENTS = RemainFaithfulBroadcast/RemainFaithfulBroadcast.entitlements;
				CODE_SIGN_STYLE = Automatic;
				CURRENT_PROJECT_VERSION = 1;
				DEVELOPMENT_TEAM = 8NXBLJBMQ6;
				INFOPLIST_FILE = RemainFaithfulBroadcast/Info.plist;
				IPHONEOS_DEPLOYMENT_TARGET = 17.0;
				LD_RUNPATH_SEARCH_PATHS = (
					"$(inherited)",
					"@executable_path/Frameworks",
					"@executable_path/../../Frameworks",
				);
				MARKETING_VERSION = 1.0;
				PRODUCT_BUNDLE_IDENTIFIER = com.remainfaithful.app.broadcast;
				PRODUCT_NAME = "$(TARGET_NAME)";
				SKIP_INSTALL = YES;
				SWIFT_VERSION = 5.0;
				TARGETED_DEVICE_FAMILY = "1,2";
			};
			name = Release;
		};
		CF5000000000000000000055 /* Debug */ = {
			isa = XCBuildConfiguration;
			buildSettings = {
				BUNDLE_LOADER = "$(TEST_HOST)";
				CODE_SIGN_STYLE = Automatic;
				DEVELOPMENT_TEAM = 8NXBLJBMQ6;
				GENERATE_INFOPLIST_FILE = YES;
				IPHONEOS_DEPLOYMENT_TARGET = 17.0;
				PRODUCT_BUNDLE_IDENTIFIER = com.remainfaithful.tests;
				PRODUCT_NAME = "$(TARGET_NAME)";
				SWIFT_VERSION = 5.0;
				TARGETED_DEVICE_FAMILY = "1,2";
				TEST_HOST = "$(BUILT_PRODUCTS_DIR)/RemainFaithful.app/$(BUNDLE_EXECUTABLE_FOLDER_PATH)/RemainFaithful";
			};
			name = Debug;
		};
		CF5000000000000000000056 /* Release */ = {
			isa = XCBuildConfiguration;
			buildSettings = {
				BUNDLE_LOADER = "$(TEST_HOST)";
				CODE_SIGN_STYLE = Automatic;
				DEVELOPMENT_TEAM = 8NXBLJBMQ6;
				GENERATE_INFOPLIST_FILE = YES;
				IPHONEOS_DEPLOYMENT_TARGET = 17.0;
				PRODUCT_BUNDLE_IDENTIFIER = com.remainfaithful.tests;
				PRODUCT_NAME = "$(TARGET_NAME)";
				SWIFT_VERSION = 5.0;
				TARGETED_DEVICE_FAMILY = "1,2";
				TEST_HOST = "$(BUILT_PRODUCTS_DIR)/RemainFaithful.app/$(BUNDLE_EXECUTABLE_FOLDER_PATH)/RemainFaithful";
			};
			name = Release;
		};
		CF5000000000000000000065 /* Debug */ = {
			isa = XCBuildConfiguration;
			buildSettings = {
				CODE_SIGN_STYLE = Automatic;
				DEVELOPMENT_TEAM = 8NXBLJBMQ6;
				GENERATE_INFOPLIST_FILE = YES;
				IPHONEOS_DEPLOYMENT_TARGET = 17.0;
				PRODUCT_BUNDLE_IDENTIFIER = com.remainfaithful.uitests;
				PRODUCT_NAME = "$(TARGET_NAME)";
				SWIFT_VERSION = 5.0;
				TARGETED_DEVICE_FAMILY = "1,2";
				TEST_TARGET_NAME = RemainFaithful;
			};
			name = Debug;
		};
		CF5000000000000000000066 /* Release */ = {
			isa = XCBuildConfiguration;
			buildSettings = {
				CODE_SIGN_STYLE = Automatic;
				DEVELOPMENT_TEAM = 8NXBLJBMQ6;
				GENERATE_INFOPLIST_FILE = YES;
				IPHONEOS_DEPLOYMENT_TARGET = 17.0;
				PRODUCT_BUNDLE_IDENTIFIER = com.remainfaithful.uitests;
				PRODUCT_NAME = "$(TARGET_NAME)";
				SWIFT_VERSION = 5.0;
				TARGETED_DEVICE_FAMILY = "1,2";
				TEST_TARGET_NAME = RemainFaithful;
			};
			name = Release;
		};
/* End XCBuildConfiguration section */

/* Begin XCConfigurationList section */
		14C193CBBD7DDFA7989E24E3 /* Build configuration list for PBXNativeTarget "RemainFaithfulDeviceActivity" */ = {
			isa = XCConfigurationList;
			buildConfigurations = (
				44D7AE31AE5C978141C1D060 /* Release */,
				A20E4080A486FBE273CB7179 /* Debug */,
			);
			defaultConfigurationIsVisible = 0;
			defaultConfigurationName = Release;
		};
		96F769D8A5D79234235546C6 /* Build configuration list for PBXNativeTarget "RemainFaithfulShieldConfig" */ = {
			isa = XCConfigurationList;
			buildConfigurations = (
				778F5EEEDBCCB86E1C36AA9A /* Release */,
				04122C5355F9D10DDAAB501A /* Debug */,
			);
			defaultConfigurationIsVisible = 0;
			defaultConfigurationName = Release;
		};
		CF1000000000000000000001 /* Build configuration list for PBXProject "RemainFaithful" */ = {
			isa = XCConfigurationList;
			buildConfigurations = (
				CF1000000000000000000003 /* Debug */,
				CF1000000000000000000004 /* Release */,
			);
			defaultConfigurationIsVisible = 0;
			defaultConfigurationName = Release;
		};
		CF1000000000000000000002 /* Build configuration list for PBXNativeTarget "RemainFaithful" */ = {
			isa = XCConfigurationList;
			buildConfigurations = (
				CF1000000000000000000005 /* Debug */,
				CF1000000000000000000006 /* Release */,
			);
			defaultConfigurationIsVisible = 0;
			defaultConfigurationName = Release;
		};
		CF1000000000000000000024 /* Build configuration list for PBXNativeTarget "RemainFaithfulBroadcast" */ = {
			isa = XCConfigurationList;
			buildConfigurations = (
				CF1000000000000000000025 /* Debug */,
				CF1000000000000000000026 /* Release */,
			);
			defaultConfigurationIsVisible = 0;
			defaultConfigurationName = Release;
		};
		CF5000000000000000000054 /* Build configuration list for PBXNativeTarget "RemainFaithfulTests" */ = {
			isa = XCConfigurationList;
			buildConfigurations = (
				CF5000000000000000000055 /* Debug */,
				CF5000000000000000000056 /* Release */,
			);
			defaultConfigurationIsVisible = 0;
			defaultConfigurationName = Release;
		};
		CF5000000000000000000064 /* Build configuration list for PBXNativeTarget "RemainFaithfulUITests" */ = {
			isa = XCConfigurationList;
			buildConfigurations = (
				CF5000000000000000000065 /* Debug */,
				CF5000000000000000000066 /* Release */,
			);
			defaultConfigurationIsVisible = 0;
			defaultConfigurationName = Release;
		};
/* End XCConfigurationList section */

/* Begin XCRemoteSwiftPackageReference section */
		CF2000000000000000000020 /* XCRemoteSwiftPackageReference "GoogleSignIn-iOS" */ = {
			isa = XCRemoteSwiftPackageReference;
			repositoryURL = "https://github.com/google/GoogleSignIn-iOS";
			requirement = {
				kind = upToNextMajorVersion;
				minimumVersion = 7.0.0;
			};
		};
/* End XCRemoteSwiftPackageReference section */

/* Begin XCSwiftPackageProductDependency section */
		CF2000000000000000000022 /* GoogleSignIn */ = {
			isa = XCSwiftPackageProductDependency;
			package = CF2000000000000000000020 /* XCRemoteSwiftPackageReference "GoogleSignIn-iOS" */;
			productName = GoogleSignIn;
		};
/* End XCSwiftPackageProductDependency section */
	};
	rootObject = CF1000000000000000000009 /* Project object */;
}
